
Microsoft Visual Studio Solution File, Format Version 12.00
# Visual Studio 14
VisualStudioVersion = 14.0.23107.0
MinimumVisualStudioVersion = 10.0.40219.1
Project("{2150E333-8FDC-42A3-9474-1A3956D46DE8}") = "Solution Items", "Solution Items", "{DABD2667-0EF4-4814-8353-8675E1C8F95E}"
	ProjectSection(SolutionItems) = preProject
		.gitattributes = .gitattributes
		.gitignore = .gitignore
		NUnit.proj = NUnit.proj
		README.md = README.md
	EndProjectSection
EndProject
Project("{2150E333-8FDC-42A3-9474-1A3956D46DE8}") = "Runner", "Runner", "{B3AE763A-DC9C-4F5D-B5F0-97A1B10D147B}"
EndProject
Project("{D954291E-2A0B-460D-934E-DC6B0785DB48}") = "nunit.runner", "src\runner\nunit.runner\nunit.runner.shproj", "{C9209134-AEA3-4C7F-AD74-00D578A6F208}"
EndProject
Project("{FAE04EC0-301F-11D3-BF4B-00C04F79EFBC}") = "nunit.runner.iOS", "src\runner\nunit.runner.iOS\nunit.runner.iOS.csproj", "{09BCB5FA-30AD-49AF-8034-5670CCB320B5}"
EndProject
Project("{FAE04EC0-301F-11D3-BF4B-00C04F79EFBC}") = "nunit.runner.Droid", "src\runner\nunit.runner.Droid\nunit.runner.Droid.csproj", "{3BF3745A-8491-46A9-AF66-F8DE22ACCF31}"
EndProject
Project("{2150E333-8FDC-42A3-9474-1A3956D46DE8}") = "Tests", "Tests", "{040381B1-C9E8-4D7C-8A60-EF4C343C7374}"
EndProject
Project("{D954291E-2A0B-460D-934E-DC6B0785DB48}") = "nunit.runner.tests", "src\tests\nunit.runner.tests\nunit.runner.tests.shproj", "{AF293652-BAA0-4813-B4F3-2D5A2CDDE0B4}"
EndProject
Project("{FAE04EC0-301F-11D3-BF4B-00C04F79EFBC}") = "nunit.runner.tests.Droid", "src\tests\nunit.runner.tests.Droid\nunit.runner.tests.Droid.csproj", "{391CE92C-08F6-4DDF-941C-A8980DCC196E}"
EndProject
Project("{FAE04EC0-301F-11D3-BF4B-00C04F79EFBC}") = "nunit.runner.tests.iOS", "src\tests\nunit.runner.tests.iOS\nunit.runner.tests.iOS.csproj", "{17A2B97C-56EA-40B8-8901-5E0728876657}"
EndProject
Project("{2150E333-8FDC-42A3-9474-1A3956D46DE8}") = "NuGet", "NuGet", "{9535215D-5DAC-4E52-A0F2-5216F933234B}"
	ProjectSection(SolutionItems) = preProject
		nuget\AppDelegate.cs.txt.pp = nuget\AppDelegate.cs.txt.pp
		nuget\MainActivity.cs.txt.pp = nuget\MainActivity.cs.txt.pp
		MainPage.xaml.cs.txt.pp = MainPage.xaml.cs.txt.pp
		nuget\nunit.runners.xamarin.nuspec = nuget\nunit.runners.xamarin.nuspec
	EndProjectSection
EndProject
Project("{FAE04EC0-301F-11D3-BF4B-00C04F79EFBC}") = "nunit.runner.wp81", "src\runner\nunit.runner.wp81\nunit.runner.wp81.csproj", "{47B8B14F-DA28-4188-BECB-23C4EE51E0F5}"
EndProject
Project("{FAE04EC0-301F-11D3-BF4B-00C04F79EFBC}") = "nunit.runner.tests.wp81", "src\tests\nunit.runner.tests.wp81\nunit.runner.tests.wp81.csproj", "{2A198895-EDFB-4A82-899E-E7D1D1C592E8}"
EndProject
Project("{FAE04EC0-301F-11D3-BF4B-00C04F79EFBC}") = "nunit.runner.uwp", "src\runner\nunit.runner.uwp\nunit.runner.uwp.csproj", "{C9775283-C274-4BA9-A1BC-49418D7840E5}"
EndProject
Project("{FAE04EC0-301F-11D3-BF4B-00C04F79EFBC}") = "nunit.runner.tests.uwp", "src\tests\nunit.runner.tests.uwp\nunit.runner.tests.uwp.csproj", "{B0040786-1AB0-4FD6-93D2-E5BA330FB4BC}"
EndProject
Global
	GlobalSection(SharedMSBuildProjectFiles) = preSolution
		src\tests\nunit.runner.tests\nunit.runner.tests.projitems*{391ce92c-08f6-4ddf-941c-a8980dcc196e}*SharedItemsImports = 4
		src\runner\nunit.runner\nunit.runner.projitems*{47b8b14f-da28-4188-becb-23c4ee51e0f5}*SharedItemsImports = 4
		src\tests\nunit.runner.tests\nunit.runner.tests.projitems*{17a2b97c-56ea-40b8-8901-5e0728876657}*SharedItemsImports = 4
		src\tests\nunit.runner.tests\nunit.runner.tests.projitems*{2a198895-edfb-4a82-899e-e7d1d1c592e8}*SharedItemsImports = 4
		src\tests\nunit.runner.tests\nunit.runner.tests.projitems*{af293652-baa0-4813-b4f3-2d5a2cdde0b4}*SharedItemsImports = 13
		src\runner\nunit.runner\nunit.runner.projitems*{c9775283-c274-4ba9-a1bc-49418d7840e5}*SharedItemsImports = 4
		src\runner\nunit.runner\nunit.runner.projitems*{3bf3745a-8491-46a9-af66-f8de22accf31}*SharedItemsImports = 4
		src\tests\nunit.runner.tests\nunit.runner.tests.projitems*{b0040786-1ab0-4fd6-93d2-e5ba330fb4bc}*SharedItemsImports = 4
		src\runner\nunit.runner\nunit.runner.projitems*{c9209134-aea3-4c7f-ad74-00d578a6f208}*SharedItemsImports = 13
		src\runner\nunit.runner\nunit.runner.projitems*{09bcb5fa-30ad-49af-8034-5670ccb320b5}*SharedItemsImports = 4
	EndGlobalSection
	GlobalSection(SolutionConfigurationPlatforms) = preSolution
		Ad-Hoc|Any CPU = Ad-Hoc|Any CPU
		Ad-Hoc|ARM = Ad-Hoc|ARM
		Ad-Hoc|iPhone = Ad-Hoc|iPhone
		Ad-Hoc|iPhoneSimulator = Ad-Hoc|iPhoneSimulator
		Ad-Hoc|Mixed Platforms = Ad-Hoc|Mixed Platforms
		Ad-Hoc|x64 = Ad-Hoc|x64
		Ad-Hoc|x86 = Ad-Hoc|x86
		AppStore|Any CPU = AppStore|Any CPU
		AppStore|ARM = AppStore|ARM
		AppStore|iPhone = AppStore|iPhone
		AppStore|iPhoneSimulator = AppStore|iPhoneSimulator
		AppStore|Mixed Platforms = AppStore|Mixed Platforms
		AppStore|x64 = AppStore|x64
		AppStore|x86 = AppStore|x86
		Debug|Any CPU = Debug|Any CPU
		Debug|ARM = Debug|ARM
		Debug|iPhone = Debug|iPhone
		Debug|iPhoneSimulator = Debug|iPhoneSimulator
		Debug|Mixed Platforms = Debug|Mixed Platforms
		Debug|x64 = Debug|x64
		Debug|x86 = Debug|x86
		Release|Any CPU = Release|Any CPU
		Release|ARM = Release|ARM
		Release|iPhone = Release|iPhone
		Release|iPhoneSimulator = Release|iPhoneSimulator
		Release|Mixed Platforms = Release|Mixed Platforms
		Release|x64 = Release|x64
		Release|x86 = Release|x86
	EndGlobalSection
	GlobalSection(ProjectConfigurationPlatforms) = postSolution
		{09BCB5FA-30AD-49AF-8034-5670CCB320B5}.Ad-Hoc|Any CPU.ActiveCfg = Release|Any CPU
		{09BCB5FA-30AD-49AF-8034-5670CCB320B5}.Ad-Hoc|Any CPU.Build.0 = Release|Any CPU
		{09BCB5FA-30AD-49AF-8034-5670CCB320B5}.Ad-Hoc|ARM.ActiveCfg = Release|Any CPU
		{09BCB5FA-30AD-49AF-8034-5670CCB320B5}.Ad-Hoc|iPhone.ActiveCfg = Release|Any CPU
		{09BCB5FA-30AD-49AF-8034-5670CCB320B5}.Ad-Hoc|iPhone.Build.0 = Release|Any CPU
		{09BCB5FA-30AD-49AF-8034-5670CCB320B5}.Ad-Hoc|iPhoneSimulator.ActiveCfg = Release|Any CPU
		{09BCB5FA-30AD-49AF-8034-5670CCB320B5}.Ad-Hoc|iPhoneSimulator.Build.0 = Release|Any CPU
		{09BCB5FA-30AD-49AF-8034-5670CCB320B5}.Ad-Hoc|Mixed Platforms.ActiveCfg = Release|Any CPU
		{09BCB5FA-30AD-49AF-8034-5670CCB320B5}.Ad-Hoc|Mixed Platforms.Build.0 = Release|Any CPU
		{09BCB5FA-30AD-49AF-8034-5670CCB320B5}.Ad-Hoc|x64.ActiveCfg = Debug|Any CPU
		{09BCB5FA-30AD-49AF-8034-5670CCB320B5}.Ad-Hoc|x64.Build.0 = Debug|Any CPU
		{09BCB5FA-30AD-49AF-8034-5670CCB320B5}.Ad-Hoc|x86.ActiveCfg = Release|Any CPU
		{09BCB5FA-30AD-49AF-8034-5670CCB320B5}.AppStore|Any CPU.ActiveCfg = Release|Any CPU
		{09BCB5FA-30AD-49AF-8034-5670CCB320B5}.AppStore|Any CPU.Build.0 = Release|Any CPU
		{09BCB5FA-30AD-49AF-8034-5670CCB320B5}.AppStore|ARM.ActiveCfg = Release|Any CPU
		{09BCB5FA-30AD-49AF-8034-5670CCB320B5}.AppStore|iPhone.ActiveCfg = Release|Any CPU
		{09BCB5FA-30AD-49AF-8034-5670CCB320B5}.AppStore|iPhone.Build.0 = Release|Any CPU
		{09BCB5FA-30AD-49AF-8034-5670CCB320B5}.AppStore|iPhoneSimulator.ActiveCfg = Release|Any CPU
		{09BCB5FA-30AD-49AF-8034-5670CCB320B5}.AppStore|iPhoneSimulator.Build.0 = Release|Any CPU
		{09BCB5FA-30AD-49AF-8034-5670CCB320B5}.AppStore|Mixed Platforms.ActiveCfg = Release|Any CPU
		{09BCB5FA-30AD-49AF-8034-5670CCB320B5}.AppStore|Mixed Platforms.Build.0 = Release|Any CPU
		{09BCB5FA-30AD-49AF-8034-5670CCB320B5}.AppStore|x64.ActiveCfg = Debug|Any CPU
		{09BCB5FA-30AD-49AF-8034-5670CCB320B5}.AppStore|x64.Build.0 = Debug|Any CPU
		{09BCB5FA-30AD-49AF-8034-5670CCB320B5}.AppStore|x86.ActiveCfg = Release|Any CPU
		{09BCB5FA-30AD-49AF-8034-5670CCB320B5}.Debug|Any CPU.ActiveCfg = Debug|Any CPU
		{09BCB5FA-30AD-49AF-8034-5670CCB320B5}.Debug|Any CPU.Build.0 = Debug|Any CPU
		{09BCB5FA-30AD-49AF-8034-5670CCB320B5}.Debug|ARM.ActiveCfg = Debug|Any CPU
		{09BCB5FA-30AD-49AF-8034-5670CCB320B5}.Debug|iPhone.ActiveCfg = Debug|Any CPU
		{09BCB5FA-30AD-49AF-8034-5670CCB320B5}.Debug|iPhone.Build.0 = Debug|Any CPU
		{09BCB5FA-30AD-49AF-8034-5670CCB320B5}.Debug|iPhoneSimulator.ActiveCfg = Debug|Any CPU
		{09BCB5FA-30AD-49AF-8034-5670CCB320B5}.Debug|iPhoneSimulator.Build.0 = Debug|Any CPU
		{09BCB5FA-30AD-49AF-8034-5670CCB320B5}.Debug|Mixed Platforms.ActiveCfg = Debug|Any CPU
		{09BCB5FA-30AD-49AF-8034-5670CCB320B5}.Debug|Mixed Platforms.Build.0 = Debug|Any CPU
		{09BCB5FA-30AD-49AF-8034-5670CCB320B5}.Debug|x64.ActiveCfg = Debug|Any CPU
		{09BCB5FA-30AD-49AF-8034-5670CCB320B5}.Debug|x64.Build.0 = Debug|Any CPU
		{09BCB5FA-30AD-49AF-8034-5670CCB320B5}.Debug|x86.ActiveCfg = Debug|Any CPU
		{09BCB5FA-30AD-49AF-8034-5670CCB320B5}.Release|Any CPU.ActiveCfg = Release|Any CPU
		{09BCB5FA-30AD-49AF-8034-5670CCB320B5}.Release|Any CPU.Build.0 = Release|Any CPU
		{09BCB5FA-30AD-49AF-8034-5670CCB320B5}.Release|ARM.ActiveCfg = Release|Any CPU
		{09BCB5FA-30AD-49AF-8034-5670CCB320B5}.Release|iPhone.ActiveCfg = Release|Any CPU
		{09BCB5FA-30AD-49AF-8034-5670CCB320B5}.Release|iPhone.Build.0 = Release|Any CPU
		{09BCB5FA-30AD-49AF-8034-5670CCB320B5}.Release|iPhoneSimulator.ActiveCfg = Release|Any CPU
		{09BCB5FA-30AD-49AF-8034-5670CCB320B5}.Release|iPhoneSimulator.Build.0 = Release|Any CPU
		{09BCB5FA-30AD-49AF-8034-5670CCB320B5}.Release|Mixed Platforms.ActiveCfg = Release|Any CPU
		{09BCB5FA-30AD-49AF-8034-5670CCB320B5}.Release|Mixed Platforms.Build.0 = Release|Any CPU
		{09BCB5FA-30AD-49AF-8034-5670CCB320B5}.Release|x64.ActiveCfg = Release|Any CPU
		{09BCB5FA-30AD-49AF-8034-5670CCB320B5}.Release|x64.Build.0 = Release|Any CPU
		{09BCB5FA-30AD-49AF-8034-5670CCB320B5}.Release|x86.ActiveCfg = Release|Any CPU
		{3BF3745A-8491-46A9-AF66-F8DE22ACCF31}.Ad-Hoc|Any CPU.ActiveCfg = Release|Any CPU
		{3BF3745A-8491-46A9-AF66-F8DE22ACCF31}.Ad-Hoc|Any CPU.Build.0 = Release|Any CPU
		{3BF3745A-8491-46A9-AF66-F8DE22ACCF31}.Ad-Hoc|ARM.ActiveCfg = Release|Any CPU
		{3BF3745A-8491-46A9-AF66-F8DE22ACCF31}.Ad-Hoc|iPhone.ActiveCfg = Release|Any CPU
		{3BF3745A-8491-46A9-AF66-F8DE22ACCF31}.Ad-Hoc|iPhoneSimulator.ActiveCfg = Release|Any CPU
		{3BF3745A-8491-46A9-AF66-F8DE22ACCF31}.Ad-Hoc|Mixed Platforms.ActiveCfg = Release|Any CPU
		{3BF3745A-8491-46A9-AF66-F8DE22ACCF31}.Ad-Hoc|Mixed Platforms.Build.0 = Release|Any CPU
		{3BF3745A-8491-46A9-AF66-F8DE22ACCF31}.Ad-Hoc|x64.ActiveCfg = Debug|Any CPU
		{3BF3745A-8491-46A9-AF66-F8DE22ACCF31}.Ad-Hoc|x64.Build.0 = Debug|Any CPU
		{3BF3745A-8491-46A9-AF66-F8DE22ACCF31}.Ad-Hoc|x86.ActiveCfg = Release|Any CPU
		{3BF3745A-8491-46A9-AF66-F8DE22ACCF31}.AppStore|Any CPU.ActiveCfg = Release|Any CPU
		{3BF3745A-8491-46A9-AF66-F8DE22ACCF31}.AppStore|Any CPU.Build.0 = Release|Any CPU
		{3BF3745A-8491-46A9-AF66-F8DE22ACCF31}.AppStore|ARM.ActiveCfg = Release|Any CPU
		{3BF3745A-8491-46A9-AF66-F8DE22ACCF31}.AppStore|iPhone.ActiveCfg = Release|Any CPU
		{3BF3745A-8491-46A9-AF66-F8DE22ACCF31}.AppStore|iPhoneSimulator.ActiveCfg = Release|Any CPU
		{3BF3745A-8491-46A9-AF66-F8DE22ACCF31}.AppStore|Mixed Platforms.ActiveCfg = Release|Any CPU
		{3BF3745A-8491-46A9-AF66-F8DE22ACCF31}.AppStore|Mixed Platforms.Build.0 = Release|Any CPU
		{3BF3745A-8491-46A9-AF66-F8DE22ACCF31}.AppStore|x64.ActiveCfg = Debug|Any CPU
		{3BF3745A-8491-46A9-AF66-F8DE22ACCF31}.AppStore|x64.Build.0 = Debug|Any CPU
		{3BF3745A-8491-46A9-AF66-F8DE22ACCF31}.AppStore|x86.ActiveCfg = Release|Any CPU
		{3BF3745A-8491-46A9-AF66-F8DE22ACCF31}.Debug|Any CPU.ActiveCfg = Debug|Any CPU
		{3BF3745A-8491-46A9-AF66-F8DE22ACCF31}.Debug|Any CPU.Build.0 = Debug|Any CPU
		{3BF3745A-8491-46A9-AF66-F8DE22ACCF31}.Debug|ARM.ActiveCfg = Debug|Any CPU
		{3BF3745A-8491-46A9-AF66-F8DE22ACCF31}.Debug|iPhone.ActiveCfg = Debug|Any CPU
		{3BF3745A-8491-46A9-AF66-F8DE22ACCF31}.Debug|iPhoneSimulator.ActiveCfg = Debug|Any CPU
		{3BF3745A-8491-46A9-AF66-F8DE22ACCF31}.Debug|Mixed Platforms.ActiveCfg = Debug|Any CPU
		{3BF3745A-8491-46A9-AF66-F8DE22ACCF31}.Debug|Mixed Platforms.Build.0 = Debug|Any CPU
		{3BF3745A-8491-46A9-AF66-F8DE22ACCF31}.Debug|x64.ActiveCfg = Debug|Any CPU
		{3BF3745A-8491-46A9-AF66-F8DE22ACCF31}.Debug|x64.Build.0 = Debug|Any CPU
		{3BF3745A-8491-46A9-AF66-F8DE22ACCF31}.Debug|x86.ActiveCfg = Debug|Any CPU
		{3BF3745A-8491-46A9-AF66-F8DE22ACCF31}.Release|Any CPU.ActiveCfg = Release|Any CPU
		{3BF3745A-8491-46A9-AF66-F8DE22ACCF31}.Release|Any CPU.Build.0 = Release|Any CPU
		{3BF3745A-8491-46A9-AF66-F8DE22ACCF31}.Release|ARM.ActiveCfg = Release|Any CPU
		{3BF3745A-8491-46A9-AF66-F8DE22ACCF31}.Release|iPhone.ActiveCfg = Release|Any CPU
		{3BF3745A-8491-46A9-AF66-F8DE22ACCF31}.Release|iPhoneSimulator.ActiveCfg = Release|Any CPU
		{3BF3745A-8491-46A9-AF66-F8DE22ACCF31}.Release|Mixed Platforms.ActiveCfg = Release|Any CPU
		{3BF3745A-8491-46A9-AF66-F8DE22ACCF31}.Release|Mixed Platforms.Build.0 = Release|Any CPU
		{3BF3745A-8491-46A9-AF66-F8DE22ACCF31}.Release|x64.ActiveCfg = Release|Any CPU
		{3BF3745A-8491-46A9-AF66-F8DE22ACCF31}.Release|x64.Build.0 = Release|Any CPU
		{3BF3745A-8491-46A9-AF66-F8DE22ACCF31}.Release|x86.ActiveCfg = Release|Any CPU
		{391CE92C-08F6-4DDF-941C-A8980DCC196E}.Ad-Hoc|Any CPU.ActiveCfg = Release|Any CPU
		{391CE92C-08F6-4DDF-941C-A8980DCC196E}.Ad-Hoc|Any CPU.Build.0 = Release|Any CPU
		{391CE92C-08F6-4DDF-941C-A8980DCC196E}.Ad-Hoc|Any CPU.Deploy.0 = Release|Any CPU
		{391CE92C-08F6-4DDF-941C-A8980DCC196E}.Ad-Hoc|ARM.ActiveCfg = Release|Any CPU
		{391CE92C-08F6-4DDF-941C-A8980DCC196E}.Ad-Hoc|iPhone.ActiveCfg = Release|Any CPU
		{391CE92C-08F6-4DDF-941C-A8980DCC196E}.Ad-Hoc|iPhoneSimulator.ActiveCfg = Release|Any CPU
		{391CE92C-08F6-4DDF-941C-A8980DCC196E}.Ad-Hoc|Mixed Platforms.ActiveCfg = Release|Any CPU
		{391CE92C-08F6-4DDF-941C-A8980DCC196E}.Ad-Hoc|Mixed Platforms.Build.0 = Release|Any CPU
		{391CE92C-08F6-4DDF-941C-A8980DCC196E}.Ad-Hoc|Mixed Platforms.Deploy.0 = Release|Any CPU
		{391CE92C-08F6-4DDF-941C-A8980DCC196E}.Ad-Hoc|x64.ActiveCfg = Debug|Any CPU
		{391CE92C-08F6-4DDF-941C-A8980DCC196E}.Ad-Hoc|x64.Build.0 = Debug|Any CPU
		{391CE92C-08F6-4DDF-941C-A8980DCC196E}.Ad-Hoc|x64.Deploy.0 = Debug|Any CPU
		{391CE92C-08F6-4DDF-941C-A8980DCC196E}.Ad-Hoc|x86.ActiveCfg = Release|Any CPU
		{391CE92C-08F6-4DDF-941C-A8980DCC196E}.AppStore|Any CPU.ActiveCfg = Release|Any CPU
		{391CE92C-08F6-4DDF-941C-A8980DCC196E}.AppStore|Any CPU.Build.0 = Release|Any CPU
		{391CE92C-08F6-4DDF-941C-A8980DCC196E}.AppStore|Any CPU.Deploy.0 = Release|Any CPU
		{391CE92C-08F6-4DDF-941C-A8980DCC196E}.AppStore|ARM.ActiveCfg = Release|Any CPU
		{391CE92C-08F6-4DDF-941C-A8980DCC196E}.AppStore|iPhone.ActiveCfg = Release|Any CPU
		{391CE92C-08F6-4DDF-941C-A8980DCC196E}.AppStore|iPhoneSimulator.ActiveCfg = Release|Any CPU
		{391CE92C-08F6-4DDF-941C-A8980DCC196E}.AppStore|Mixed Platforms.ActiveCfg = Release|Any CPU
		{391CE92C-08F6-4DDF-941C-A8980DCC196E}.AppStore|Mixed Platforms.Build.0 = Release|Any CPU
		{391CE92C-08F6-4DDF-941C-A8980DCC196E}.AppStore|Mixed Platforms.Deploy.0 = Release|Any CPU
		{391CE92C-08F6-4DDF-941C-A8980DCC196E}.AppStore|x64.ActiveCfg = Debug|Any CPU
		{391CE92C-08F6-4DDF-941C-A8980DCC196E}.AppStore|x64.Build.0 = Debug|Any CPU
		{391CE92C-08F6-4DDF-941C-A8980DCC196E}.AppStore|x64.Deploy.0 = Debug|Any CPU
		{391CE92C-08F6-4DDF-941C-A8980DCC196E}.AppStore|x86.ActiveCfg = Release|Any CPU
		{391CE92C-08F6-4DDF-941C-A8980DCC196E}.Debug|Any CPU.ActiveCfg = Debug|Any CPU
		{391CE92C-08F6-4DDF-941C-A8980DCC196E}.Debug|Any CPU.Build.0 = Debug|Any CPU
		{391CE92C-08F6-4DDF-941C-A8980DCC196E}.Debug|Any CPU.Deploy.0 = Debug|Any CPU
		{391CE92C-08F6-4DDF-941C-A8980DCC196E}.Debug|ARM.ActiveCfg = Debug|Any CPU
		{391CE92C-08F6-4DDF-941C-A8980DCC196E}.Debug|iPhone.ActiveCfg = Debug|Any CPU
		{391CE92C-08F6-4DDF-941C-A8980DCC196E}.Debug|iPhoneSimulator.ActiveCfg = Debug|Any CPU
		{391CE92C-08F6-4DDF-941C-A8980DCC196E}.Debug|Mixed Platforms.ActiveCfg = Debug|Any CPU
		{391CE92C-08F6-4DDF-941C-A8980DCC196E}.Debug|Mixed Platforms.Build.0 = Debug|Any CPU
		{391CE92C-08F6-4DDF-941C-A8980DCC196E}.Debug|Mixed Platforms.Deploy.0 = Debug|Any CPU
		{391CE92C-08F6-4DDF-941C-A8980DCC196E}.Debug|x64.ActiveCfg = Debug|Any CPU
		{391CE92C-08F6-4DDF-941C-A8980DCC196E}.Debug|x64.Build.0 = Debug|Any CPU
		{391CE92C-08F6-4DDF-941C-A8980DCC196E}.Debug|x64.Deploy.0 = Debug|Any CPU
		{391CE92C-08F6-4DDF-941C-A8980DCC196E}.Debug|x86.ActiveCfg = Debug|Any CPU
		{391CE92C-08F6-4DDF-941C-A8980DCC196E}.Release|Any CPU.ActiveCfg = Release|Any CPU
		{391CE92C-08F6-4DDF-941C-A8980DCC196E}.Release|Any CPU.Build.0 = Release|Any CPU
		{391CE92C-08F6-4DDF-941C-A8980DCC196E}.Release|Any CPU.Deploy.0 = Release|Any CPU
		{391CE92C-08F6-4DDF-941C-A8980DCC196E}.Release|ARM.ActiveCfg = Release|Any CPU
		{391CE92C-08F6-4DDF-941C-A8980DCC196E}.Release|iPhone.ActiveCfg = Release|Any CPU
		{391CE92C-08F6-4DDF-941C-A8980DCC196E}.Release|iPhoneSimulator.ActiveCfg = Release|Any CPU
		{391CE92C-08F6-4DDF-941C-A8980DCC196E}.Release|Mixed Platforms.ActiveCfg = Release|Any CPU
		{391CE92C-08F6-4DDF-941C-A8980DCC196E}.Release|Mixed Platforms.Build.0 = Release|Any CPU
		{391CE92C-08F6-4DDF-941C-A8980DCC196E}.Release|Mixed Platforms.Deploy.0 = Release|Any CPU
		{391CE92C-08F6-4DDF-941C-A8980DCC196E}.Release|x64.ActiveCfg = Release|Any CPU
		{391CE92C-08F6-4DDF-941C-A8980DCC196E}.Release|x64.Build.0 = Release|Any CPU
		{391CE92C-08F6-4DDF-941C-A8980DCC196E}.Release|x64.Deploy.0 = Release|Any CPU
		{391CE92C-08F6-4DDF-941C-A8980DCC196E}.Release|x86.ActiveCfg = Release|Any CPU
		{17A2B97C-56EA-40B8-8901-5E0728876657}.Ad-Hoc|Any CPU.ActiveCfg = Ad-Hoc|iPhone
		{17A2B97C-56EA-40B8-8901-5E0728876657}.Ad-Hoc|ARM.ActiveCfg = Ad-Hoc|iPhone
		{17A2B97C-56EA-40B8-8901-5E0728876657}.Ad-Hoc|iPhone.ActiveCfg = Ad-Hoc|iPhone
		{17A2B97C-56EA-40B8-8901-5E0728876657}.Ad-Hoc|iPhone.Build.0 = Ad-Hoc|iPhone
		{17A2B97C-56EA-40B8-8901-5E0728876657}.Ad-Hoc|iPhoneSimulator.ActiveCfg = Ad-Hoc|iPhoneSimulator
		{17A2B97C-56EA-40B8-8901-5E0728876657}.Ad-Hoc|iPhoneSimulator.Build.0 = Ad-Hoc|iPhoneSimulator
		{17A2B97C-56EA-40B8-8901-5E0728876657}.Ad-Hoc|Mixed Platforms.ActiveCfg = Ad-Hoc|iPhone
		{17A2B97C-56EA-40B8-8901-5E0728876657}.Ad-Hoc|Mixed Platforms.Build.0 = Ad-Hoc|iPhone
		{17A2B97C-56EA-40B8-8901-5E0728876657}.Ad-Hoc|x64.ActiveCfg = Ad-Hoc|iPhoneSimulator
		{17A2B97C-56EA-40B8-8901-5E0728876657}.Ad-Hoc|x86.ActiveCfg = Ad-Hoc|iPhone
		{17A2B97C-56EA-40B8-8901-5E0728876657}.AppStore|Any CPU.ActiveCfg = AppStore|iPhone
		{17A2B97C-56EA-40B8-8901-5E0728876657}.AppStore|ARM.ActiveCfg = AppStore|iPhone
		{17A2B97C-56EA-40B8-8901-5E0728876657}.AppStore|iPhone.ActiveCfg = AppStore|iPhone
		{17A2B97C-56EA-40B8-8901-5E0728876657}.AppStore|iPhone.Build.0 = AppStore|iPhone
		{17A2B97C-56EA-40B8-8901-5E0728876657}.AppStore|iPhoneSimulator.ActiveCfg = AppStore|iPhoneSimulator
		{17A2B97C-56EA-40B8-8901-5E0728876657}.AppStore|iPhoneSimulator.Build.0 = AppStore|iPhoneSimulator
		{17A2B97C-56EA-40B8-8901-5E0728876657}.AppStore|Mixed Platforms.ActiveCfg = AppStore|iPhone
		{17A2B97C-56EA-40B8-8901-5E0728876657}.AppStore|Mixed Platforms.Build.0 = AppStore|iPhone
		{17A2B97C-56EA-40B8-8901-5E0728876657}.AppStore|x64.ActiveCfg = AppStore|iPhoneSimulator
		{17A2B97C-56EA-40B8-8901-5E0728876657}.AppStore|x86.ActiveCfg = AppStore|iPhone
		{17A2B97C-56EA-40B8-8901-5E0728876657}.Debug|Any CPU.ActiveCfg = Debug|iPhone
		{17A2B97C-56EA-40B8-8901-5E0728876657}.Debug|ARM.ActiveCfg = Debug|iPhone
		{17A2B97C-56EA-40B8-8901-5E0728876657}.Debug|iPhone.ActiveCfg = Debug|iPhone
		{17A2B97C-56EA-40B8-8901-5E0728876657}.Debug|iPhone.Build.0 = Debug|iPhone
		{17A2B97C-56EA-40B8-8901-5E0728876657}.Debug|iPhoneSimulator.ActiveCfg = Debug|iPhoneSimulator
		{17A2B97C-56EA-40B8-8901-5E0728876657}.Debug|iPhoneSimulator.Build.0 = Debug|iPhoneSimulator
		{17A2B97C-56EA-40B8-8901-5E0728876657}.Debug|Mixed Platforms.ActiveCfg = Debug|iPhone
		{17A2B97C-56EA-40B8-8901-5E0728876657}.Debug|Mixed Platforms.Build.0 = Debug|iPhone
		{17A2B97C-56EA-40B8-8901-5E0728876657}.Debug|x64.ActiveCfg = Debug|iPhoneSimulator
		{17A2B97C-56EA-40B8-8901-5E0728876657}.Debug|x86.ActiveCfg = Debug|iPhone
		{17A2B97C-56EA-40B8-8901-5E0728876657}.Release|Any CPU.ActiveCfg = Release|iPhone
		{17A2B97C-56EA-40B8-8901-5E0728876657}.Release|ARM.ActiveCfg = Release|iPhone
		{17A2B97C-56EA-40B8-8901-5E0728876657}.Release|iPhone.ActiveCfg = Release|iPhone
		{17A2B97C-56EA-40B8-8901-5E0728876657}.Release|iPhone.Build.0 = Release|iPhone
		{17A2B97C-56EA-40B8-8901-5E0728876657}.Release|iPhoneSimulator.ActiveCfg = Release|iPhoneSimulator
		{17A2B97C-56EA-40B8-8901-5E0728876657}.Release|iPhoneSimulator.Build.0 = Release|iPhoneSimulator
		{17A2B97C-56EA-40B8-8901-5E0728876657}.Release|Mixed Platforms.ActiveCfg = Release|iPhone
		{17A2B97C-56EA-40B8-8901-5E0728876657}.Release|Mixed Platforms.Build.0 = Release|iPhone
		{17A2B97C-56EA-40B8-8901-5E0728876657}.Release|x64.ActiveCfg = Release|iPhoneSimulator
		{17A2B97C-56EA-40B8-8901-5E0728876657}.Release|x86.ActiveCfg = Release|iPhone
		{47B8B14F-DA28-4188-BECB-23C4EE51E0F5}.Ad-Hoc|Any CPU.ActiveCfg = Release|Any CPU
		{47B8B14F-DA28-4188-BECB-23C4EE51E0F5}.Ad-Hoc|Any CPU.Build.0 = Release|Any CPU
		{47B8B14F-DA28-4188-BECB-23C4EE51E0F5}.Ad-Hoc|ARM.ActiveCfg = Release|ARM
		{47B8B14F-DA28-4188-BECB-23C4EE51E0F5}.Ad-Hoc|ARM.Build.0 = Release|ARM
		{47B8B14F-DA28-4188-BECB-23C4EE51E0F5}.Ad-Hoc|iPhone.ActiveCfg = Release|Any CPU
		{47B8B14F-DA28-4188-BECB-23C4EE51E0F5}.Ad-Hoc|iPhone.Build.0 = Release|Any CPU
		{47B8B14F-DA28-4188-BECB-23C4EE51E0F5}.Ad-Hoc|iPhoneSimulator.ActiveCfg = Release|Any CPU
		{47B8B14F-DA28-4188-BECB-23C4EE51E0F5}.Ad-Hoc|iPhoneSimulator.Build.0 = Release|Any CPU
		{47B8B14F-DA28-4188-BECB-23C4EE51E0F5}.Ad-Hoc|Mixed Platforms.ActiveCfg = Release|x86
		{47B8B14F-DA28-4188-BECB-23C4EE51E0F5}.Ad-Hoc|Mixed Platforms.Build.0 = Release|x86
		{47B8B14F-DA28-4188-BECB-23C4EE51E0F5}.Ad-Hoc|x64.ActiveCfg = Debug|Any CPU
		{47B8B14F-DA28-4188-BECB-23C4EE51E0F5}.Ad-Hoc|x64.Build.0 = Debug|Any CPU
		{47B8B14F-DA28-4188-BECB-23C4EE51E0F5}.Ad-Hoc|x86.ActiveCfg = Release|x86
		{47B8B14F-DA28-4188-BECB-23C4EE51E0F5}.Ad-Hoc|x86.Build.0 = Release|x86
		{47B8B14F-DA28-4188-BECB-23C4EE51E0F5}.AppStore|Any CPU.ActiveCfg = Release|Any CPU
		{47B8B14F-DA28-4188-BECB-23C4EE51E0F5}.AppStore|Any CPU.Build.0 = Release|Any CPU
		{47B8B14F-DA28-4188-BECB-23C4EE51E0F5}.AppStore|ARM.ActiveCfg = Release|ARM
		{47B8B14F-DA28-4188-BECB-23C4EE51E0F5}.AppStore|ARM.Build.0 = Release|ARM
		{47B8B14F-DA28-4188-BECB-23C4EE51E0F5}.AppStore|iPhone.ActiveCfg = Release|Any CPU
		{47B8B14F-DA28-4188-BECB-23C4EE51E0F5}.AppStore|iPhone.Build.0 = Release|Any CPU
		{47B8B14F-DA28-4188-BECB-23C4EE51E0F5}.AppStore|iPhoneSimulator.ActiveCfg = Release|Any CPU
		{47B8B14F-DA28-4188-BECB-23C4EE51E0F5}.AppStore|iPhoneSimulator.Build.0 = Release|Any CPU
		{47B8B14F-DA28-4188-BECB-23C4EE51E0F5}.AppStore|Mixed Platforms.ActiveCfg = Release|x86
		{47B8B14F-DA28-4188-BECB-23C4EE51E0F5}.AppStore|Mixed Platforms.Build.0 = Release|x86
		{47B8B14F-DA28-4188-BECB-23C4EE51E0F5}.AppStore|x64.ActiveCfg = Debug|Any CPU
		{47B8B14F-DA28-4188-BECB-23C4EE51E0F5}.AppStore|x64.Build.0 = Debug|Any CPU
		{47B8B14F-DA28-4188-BECB-23C4EE51E0F5}.AppStore|x86.ActiveCfg = Release|x86
		{47B8B14F-DA28-4188-BECB-23C4EE51E0F5}.AppStore|x86.Build.0 = Release|x86
		{47B8B14F-DA28-4188-BECB-23C4EE51E0F5}.Debug|Any CPU.ActiveCfg = Debug|Any CPU
		{47B8B14F-DA28-4188-BECB-23C4EE51E0F5}.Debug|Any CPU.Build.0 = Debug|Any CPU
		{47B8B14F-DA28-4188-BECB-23C4EE51E0F5}.Debug|ARM.ActiveCfg = Debug|ARM
		{47B8B14F-DA28-4188-BECB-23C4EE51E0F5}.Debug|ARM.Build.0 = Debug|ARM
		{47B8B14F-DA28-4188-BECB-23C4EE51E0F5}.Debug|iPhone.ActiveCfg = Debug|Any CPU
		{47B8B14F-DA28-4188-BECB-23C4EE51E0F5}.Debug|iPhone.Build.0 = Debug|Any CPU
		{47B8B14F-DA28-4188-BECB-23C4EE51E0F5}.Debug|iPhoneSimulator.ActiveCfg = Debug|Any CPU
		{47B8B14F-DA28-4188-BECB-23C4EE51E0F5}.Debug|iPhoneSimulator.Build.0 = Debug|Any CPU
		{47B8B14F-DA28-4188-BECB-23C4EE51E0F5}.Debug|Mixed Platforms.ActiveCfg = Debug|x86
		{47B8B14F-DA28-4188-BECB-23C4EE51E0F5}.Debug|Mixed Platforms.Build.0 = Debug|x86
		{47B8B14F-DA28-4188-BECB-23C4EE51E0F5}.Debug|x64.ActiveCfg = Debug|Any CPU
		{47B8B14F-DA28-4188-BECB-23C4EE51E0F5}.Debug|x64.Build.0 = Debug|Any CPU
		{47B8B14F-DA28-4188-BECB-23C4EE51E0F5}.Debug|x86.ActiveCfg = Debug|x86
		{47B8B14F-DA28-4188-BECB-23C4EE51E0F5}.Debug|x86.Build.0 = Debug|x86
		{47B8B14F-DA28-4188-BECB-23C4EE51E0F5}.Release|Any CPU.ActiveCfg = Release|Any CPU
		{47B8B14F-DA28-4188-BECB-23C4EE51E0F5}.Release|Any CPU.Build.0 = Release|Any CPU
		{47B8B14F-DA28-4188-BECB-23C4EE51E0F5}.Release|ARM.ActiveCfg = Release|ARM
		{47B8B14F-DA28-4188-BECB-23C4EE51E0F5}.Release|ARM.Build.0 = Release|ARM
		{47B8B14F-DA28-4188-BECB-23C4EE51E0F5}.Release|iPhone.ActiveCfg = Release|Any CPU
		{47B8B14F-DA28-4188-BECB-23C4EE51E0F5}.Release|iPhone.Build.0 = Release|Any CPU
		{47B8B14F-DA28-4188-BECB-23C4EE51E0F5}.Release|iPhoneSimulator.ActiveCfg = Release|Any CPU
		{47B8B14F-DA28-4188-BECB-23C4EE51E0F5}.Release|iPhoneSimulator.Build.0 = Release|Any CPU
		{47B8B14F-DA28-4188-BECB-23C4EE51E0F5}.Release|Mixed Platforms.ActiveCfg = Release|x86
		{47B8B14F-DA28-4188-BECB-23C4EE51E0F5}.Release|Mixed Platforms.Build.0 = Release|x86
		{47B8B14F-DA28-4188-BECB-23C4EE51E0F5}.Release|x64.ActiveCfg = Release|Any CPU
		{47B8B14F-DA28-4188-BECB-23C4EE51E0F5}.Release|x64.Build.0 = Release|Any CPU
		{47B8B14F-DA28-4188-BECB-23C4EE51E0F5}.Release|x86.ActiveCfg = Release|x86
		{47B8B14F-DA28-4188-BECB-23C4EE51E0F5}.Release|x86.Build.0 = Release|x86
		{2A198895-EDFB-4A82-899E-E7D1D1C592E8}.Ad-Hoc|Any CPU.ActiveCfg = Release|Any CPU
		{2A198895-EDFB-4A82-899E-E7D1D1C592E8}.Ad-Hoc|Any CPU.Build.0 = Release|Any CPU
		{2A198895-EDFB-4A82-899E-E7D1D1C592E8}.Ad-Hoc|Any CPU.Deploy.0 = Release|Any CPU
		{2A198895-EDFB-4A82-899E-E7D1D1C592E8}.Ad-Hoc|ARM.ActiveCfg = Release|ARM
		{2A198895-EDFB-4A82-899E-E7D1D1C592E8}.Ad-Hoc|ARM.Build.0 = Release|ARM
		{2A198895-EDFB-4A82-899E-E7D1D1C592E8}.Ad-Hoc|ARM.Deploy.0 = Release|ARM
		{2A198895-EDFB-4A82-899E-E7D1D1C592E8}.Ad-Hoc|iPhone.ActiveCfg = Release|Any CPU
		{2A198895-EDFB-4A82-899E-E7D1D1C592E8}.Ad-Hoc|iPhone.Build.0 = Release|Any CPU
		{2A198895-EDFB-4A82-899E-E7D1D1C592E8}.Ad-Hoc|iPhone.Deploy.0 = Release|Any CPU
		{2A198895-EDFB-4A82-899E-E7D1D1C592E8}.Ad-Hoc|iPhoneSimulator.ActiveCfg = Release|Any CPU
		{2A198895-EDFB-4A82-899E-E7D1D1C592E8}.Ad-Hoc|iPhoneSimulator.Build.0 = Release|Any CPU
		{2A198895-EDFB-4A82-899E-E7D1D1C592E8}.Ad-Hoc|iPhoneSimulator.Deploy.0 = Release|Any CPU
		{2A198895-EDFB-4A82-899E-E7D1D1C592E8}.Ad-Hoc|Mixed Platforms.ActiveCfg = Release|x86
		{2A198895-EDFB-4A82-899E-E7D1D1C592E8}.Ad-Hoc|Mixed Platforms.Build.0 = Release|x86
		{2A198895-EDFB-4A82-899E-E7D1D1C592E8}.Ad-Hoc|Mixed Platforms.Deploy.0 = Release|x86
		{2A198895-EDFB-4A82-899E-E7D1D1C592E8}.Ad-Hoc|x64.ActiveCfg = Debug|Any CPU
		{2A198895-EDFB-4A82-899E-E7D1D1C592E8}.Ad-Hoc|x64.Build.0 = Debug|Any CPU
		{2A198895-EDFB-4A82-899E-E7D1D1C592E8}.Ad-Hoc|x64.Deploy.0 = Debug|Any CPU
		{2A198895-EDFB-4A82-899E-E7D1D1C592E8}.Ad-Hoc|x86.ActiveCfg = Release|x86
		{2A198895-EDFB-4A82-899E-E7D1D1C592E8}.Ad-Hoc|x86.Build.0 = Release|x86
		{2A198895-EDFB-4A82-899E-E7D1D1C592E8}.Ad-Hoc|x86.Deploy.0 = Release|x86
		{2A198895-EDFB-4A82-899E-E7D1D1C592E8}.AppStore|Any CPU.ActiveCfg = Release|Any CPU
		{2A198895-EDFB-4A82-899E-E7D1D1C592E8}.AppStore|Any CPU.Build.0 = Release|Any CPU
		{2A198895-EDFB-4A82-899E-E7D1D1C592E8}.AppStore|Any CPU.Deploy.0 = Release|Any CPU
		{2A198895-EDFB-4A82-899E-E7D1D1C592E8}.AppStore|ARM.ActiveCfg = Release|ARM
		{2A198895-EDFB-4A82-899E-E7D1D1C592E8}.AppStore|ARM.Build.0 = Release|ARM
		{2A198895-EDFB-4A82-899E-E7D1D1C592E8}.AppStore|ARM.Deploy.0 = Release|ARM
		{2A198895-EDFB-4A82-899E-E7D1D1C592E8}.AppStore|iPhone.ActiveCfg = Release|Any CPU
		{2A198895-EDFB-4A82-899E-E7D1D1C592E8}.AppStore|iPhone.Build.0 = Release|Any CPU
		{2A198895-EDFB-4A82-899E-E7D1D1C592E8}.AppStore|iPhone.Deploy.0 = Release|Any CPU
		{2A198895-EDFB-4A82-899E-E7D1D1C592E8}.AppStore|iPhoneSimulator.ActiveCfg = Release|Any CPU
		{2A198895-EDFB-4A82-899E-E7D1D1C592E8}.AppStore|iPhoneSimulator.Build.0 = Release|Any CPU
		{2A198895-EDFB-4A82-899E-E7D1D1C592E8}.AppStore|iPhoneSimulator.Deploy.0 = Release|Any CPU
		{2A198895-EDFB-4A82-899E-E7D1D1C592E8}.AppStore|Mixed Platforms.ActiveCfg = Release|x86
		{2A198895-EDFB-4A82-899E-E7D1D1C592E8}.AppStore|Mixed Platforms.Build.0 = Release|x86
		{2A198895-EDFB-4A82-899E-E7D1D1C592E8}.AppStore|Mixed Platforms.Deploy.0 = Release|x86
		{2A198895-EDFB-4A82-899E-E7D1D1C592E8}.AppStore|x64.ActiveCfg = Debug|Any CPU
		{2A198895-EDFB-4A82-899E-E7D1D1C592E8}.AppStore|x64.Build.0 = Debug|Any CPU
		{2A198895-EDFB-4A82-899E-E7D1D1C592E8}.AppStore|x64.Deploy.0 = Debug|Any CPU
		{2A198895-EDFB-4A82-899E-E7D1D1C592E8}.AppStore|x86.ActiveCfg = Release|x86
		{2A198895-EDFB-4A82-899E-E7D1D1C592E8}.AppStore|x86.Build.0 = Release|x86
		{2A198895-EDFB-4A82-899E-E7D1D1C592E8}.AppStore|x86.Deploy.0 = Release|x86
		{2A198895-EDFB-4A82-899E-E7D1D1C592E8}.Debug|Any CPU.ActiveCfg = Debug|Any CPU
		{2A198895-EDFB-4A82-899E-E7D1D1C592E8}.Debug|Any CPU.Build.0 = Debug|Any CPU
		{2A198895-EDFB-4A82-899E-E7D1D1C592E8}.Debug|Any CPU.Deploy.0 = Debug|Any CPU
		{2A198895-EDFB-4A82-899E-E7D1D1C592E8}.Debug|ARM.ActiveCfg = Debug|ARM
		{2A198895-EDFB-4A82-899E-E7D1D1C592E8}.Debug|ARM.Build.0 = Debug|ARM
		{2A198895-EDFB-4A82-899E-E7D1D1C592E8}.Debug|ARM.Deploy.0 = Debug|ARM
		{2A198895-EDFB-4A82-899E-E7D1D1C592E8}.Debug|iPhone.ActiveCfg = Debug|Any CPU
		{2A198895-EDFB-4A82-899E-E7D1D1C592E8}.Debug|iPhone.Build.0 = Debug|Any CPU
		{2A198895-EDFB-4A82-899E-E7D1D1C592E8}.Debug|iPhone.Deploy.0 = Debug|Any CPU
		{2A198895-EDFB-4A82-899E-E7D1D1C592E8}.Debug|iPhoneSimulator.ActiveCfg = Debug|Any CPU
		{2A198895-EDFB-4A82-899E-E7D1D1C592E8}.Debug|iPhoneSimulator.Build.0 = Debug|Any CPU
		{2A198895-EDFB-4A82-899E-E7D1D1C592E8}.Debug|iPhoneSimulator.Deploy.0 = Debug|Any CPU
		{2A198895-EDFB-4A82-899E-E7D1D1C592E8}.Debug|Mixed Platforms.ActiveCfg = Debug|x86
		{2A198895-EDFB-4A82-899E-E7D1D1C592E8}.Debug|Mixed Platforms.Build.0 = Debug|x86
		{2A198895-EDFB-4A82-899E-E7D1D1C592E8}.Debug|Mixed Platforms.Deploy.0 = Debug|x86
		{2A198895-EDFB-4A82-899E-E7D1D1C592E8}.Debug|x64.ActiveCfg = Debug|Any CPU
		{2A198895-EDFB-4A82-899E-E7D1D1C592E8}.Debug|x64.Build.0 = Debug|Any CPU
		{2A198895-EDFB-4A82-899E-E7D1D1C592E8}.Debug|x64.Deploy.0 = Debug|Any CPU
		{2A198895-EDFB-4A82-899E-E7D1D1C592E8}.Debug|x86.ActiveCfg = Debug|x86
		{2A198895-EDFB-4A82-899E-E7D1D1C592E8}.Debug|x86.Build.0 = Debug|x86
		{2A198895-EDFB-4A82-899E-E7D1D1C592E8}.Debug|x86.Deploy.0 = Debug|x86
		{2A198895-EDFB-4A82-899E-E7D1D1C592E8}.Release|Any CPU.ActiveCfg = Release|Any CPU
		{2A198895-EDFB-4A82-899E-E7D1D1C592E8}.Release|Any CPU.Build.0 = Release|Any CPU
		{2A198895-EDFB-4A82-899E-E7D1D1C592E8}.Release|Any CPU.Deploy.0 = Release|Any CPU
		{2A198895-EDFB-4A82-899E-E7D1D1C592E8}.Release|ARM.ActiveCfg = Release|ARM
		{2A198895-EDFB-4A82-899E-E7D1D1C592E8}.Release|ARM.Build.0 = Release|ARM
		{2A198895-EDFB-4A82-899E-E7D1D1C592E8}.Release|ARM.Deploy.0 = Release|ARM
		{2A198895-EDFB-4A82-899E-E7D1D1C592E8}.Release|iPhone.ActiveCfg = Release|Any CPU
		{2A198895-EDFB-4A82-899E-E7D1D1C592E8}.Release|iPhone.Build.0 = Release|Any CPU
		{2A198895-EDFB-4A82-899E-E7D1D1C592E8}.Release|iPhone.Deploy.0 = Release|Any CPU
		{2A198895-EDFB-4A82-899E-E7D1D1C592E8}.Release|iPhoneSimulator.ActiveCfg = Release|Any CPU
		{2A198895-EDFB-4A82-899E-E7D1D1C592E8}.Release|iPhoneSimulator.Build.0 = Release|Any CPU
		{2A198895-EDFB-4A82-899E-E7D1D1C592E8}.Release|iPhoneSimulator.Deploy.0 = Release|Any CPU
		{2A198895-EDFB-4A82-899E-E7D1D1C592E8}.Release|Mixed Platforms.ActiveCfg = Release|x86
		{2A198895-EDFB-4A82-899E-E7D1D1C592E8}.Release|Mixed Platforms.Build.0 = Release|x86
		{2A198895-EDFB-4A82-899E-E7D1D1C592E8}.Release|Mixed Platforms.Deploy.0 = Release|x86
		{2A198895-EDFB-4A82-899E-E7D1D1C592E8}.Release|x64.ActiveCfg = Release|Any CPU
		{2A198895-EDFB-4A82-899E-E7D1D1C592E8}.Release|x64.Build.0 = Release|Any CPU
		{2A198895-EDFB-4A82-899E-E7D1D1C592E8}.Release|x64.Deploy.0 = Release|Any CPU
		{2A198895-EDFB-4A82-899E-E7D1D1C592E8}.Release|x86.ActiveCfg = Release|x86
		{2A198895-EDFB-4A82-899E-E7D1D1C592E8}.Release|x86.Build.0 = Release|x86
		{2A198895-EDFB-4A82-899E-E7D1D1C592E8}.Release|x86.Deploy.0 = Release|x86
		{C9775283-C274-4BA9-A1BC-49418D7840E5}.Ad-Hoc|Any CPU.ActiveCfg = Release|Any CPU
		{C9775283-C274-4BA9-A1BC-49418D7840E5}.Ad-Hoc|Any CPU.Build.0 = Release|Any CPU
		{C9775283-C274-4BA9-A1BC-49418D7840E5}.Ad-Hoc|ARM.ActiveCfg = Release|ARM
		{C9775283-C274-4BA9-A1BC-49418D7840E5}.Ad-Hoc|ARM.Build.0 = Release|ARM
		{C9775283-C274-4BA9-A1BC-49418D7840E5}.Ad-Hoc|iPhone.ActiveCfg = Release|Any CPU
		{C9775283-C274-4BA9-A1BC-49418D7840E5}.Ad-Hoc|iPhone.Build.0 = Release|Any CPU
		{C9775283-C274-4BA9-A1BC-49418D7840E5}.Ad-Hoc|iPhoneSimulator.ActiveCfg = Release|Any CPU
		{C9775283-C274-4BA9-A1BC-49418D7840E5}.Ad-Hoc|iPhoneSimulator.Build.0 = Release|Any CPU
		{C9775283-C274-4BA9-A1BC-49418D7840E5}.Ad-Hoc|Mixed Platforms.ActiveCfg = Release|x86
		{C9775283-C274-4BA9-A1BC-49418D7840E5}.Ad-Hoc|Mixed Platforms.Build.0 = Release|x86
		{C9775283-C274-4BA9-A1BC-49418D7840E5}.Ad-Hoc|x64.ActiveCfg = Release|x64
		{C9775283-C274-4BA9-A1BC-49418D7840E5}.Ad-Hoc|x64.Build.0 = Release|x64
		{C9775283-C274-4BA9-A1BC-49418D7840E5}.Ad-Hoc|x86.ActiveCfg = Release|x86
		{C9775283-C274-4BA9-A1BC-49418D7840E5}.Ad-Hoc|x86.Build.0 = Release|x86
		{C9775283-C274-4BA9-A1BC-49418D7840E5}.AppStore|Any CPU.ActiveCfg = Release|Any CPU
		{C9775283-C274-4BA9-A1BC-49418D7840E5}.AppStore|Any CPU.Build.0 = Release|Any CPU
		{C9775283-C274-4BA9-A1BC-49418D7840E5}.AppStore|ARM.ActiveCfg = Release|ARM
		{C9775283-C274-4BA9-A1BC-49418D7840E5}.AppStore|ARM.Build.0 = Release|ARM
		{C9775283-C274-4BA9-A1BC-49418D7840E5}.AppStore|iPhone.ActiveCfg = Release|Any CPU
		{C9775283-C274-4BA9-A1BC-49418D7840E5}.AppStore|iPhone.Build.0 = Release|Any CPU
		{C9775283-C274-4BA9-A1BC-49418D7840E5}.AppStore|iPhoneSimulator.ActiveCfg = Release|Any CPU
		{C9775283-C274-4BA9-A1BC-49418D7840E5}.AppStore|iPhoneSimulator.Build.0 = Release|Any CPU
		{C9775283-C274-4BA9-A1BC-49418D7840E5}.AppStore|Mixed Platforms.ActiveCfg = Release|x86
		{C9775283-C274-4BA9-A1BC-49418D7840E5}.AppStore|Mixed Platforms.Build.0 = Release|x86
		{C9775283-C274-4BA9-A1BC-49418D7840E5}.AppStore|x64.ActiveCfg = Release|x64
		{C9775283-C274-4BA9-A1BC-49418D7840E5}.AppStore|x64.Build.0 = Release|x64
		{C9775283-C274-4BA9-A1BC-49418D7840E5}.AppStore|x86.ActiveCfg = Release|x86
		{C9775283-C274-4BA9-A1BC-49418D7840E5}.AppStore|x86.Build.0 = Release|x86
		{C9775283-C274-4BA9-A1BC-49418D7840E5}.Debug|Any CPU.ActiveCfg = Debug|Any CPU
		{C9775283-C274-4BA9-A1BC-49418D7840E5}.Debug|Any CPU.Build.0 = Debug|Any CPU
		{C9775283-C274-4BA9-A1BC-49418D7840E5}.Debug|ARM.ActiveCfg = Debug|ARM
		{C9775283-C274-4BA9-A1BC-49418D7840E5}.Debug|ARM.Build.0 = Debug|ARM
		{C9775283-C274-4BA9-A1BC-49418D7840E5}.Debug|iPhone.ActiveCfg = Debug|Any CPU
		{C9775283-C274-4BA9-A1BC-49418D7840E5}.Debug|iPhone.Build.0 = Debug|Any CPU
		{C9775283-C274-4BA9-A1BC-49418D7840E5}.Debug|iPhoneSimulator.ActiveCfg = Debug|Any CPU
		{C9775283-C274-4BA9-A1BC-49418D7840E5}.Debug|iPhoneSimulator.Build.0 = Debug|Any CPU
		{C9775283-C274-4BA9-A1BC-49418D7840E5}.Debug|Mixed Platforms.ActiveCfg = Debug|x86
		{C9775283-C274-4BA9-A1BC-49418D7840E5}.Debug|Mixed Platforms.Build.0 = Debug|x86
		{C9775283-C274-4BA9-A1BC-49418D7840E5}.Debug|x64.ActiveCfg = Debug|x64
		{C9775283-C274-4BA9-A1BC-49418D7840E5}.Debug|x64.Build.0 = Debug|x64
		{C9775283-C274-4BA9-A1BC-49418D7840E5}.Debug|x86.ActiveCfg = Debug|x86
		{C9775283-C274-4BA9-A1BC-49418D7840E5}.Debug|x86.Build.0 = Debug|x86
		{C9775283-C274-4BA9-A1BC-49418D7840E5}.Release|Any CPU.ActiveCfg = Release|Any CPU
		{C9775283-C274-4BA9-A1BC-49418D7840E5}.Release|Any CPU.Build.0 = Release|Any CPU
		{C9775283-C274-4BA9-A1BC-49418D7840E5}.Release|ARM.ActiveCfg = Release|ARM
		{C9775283-C274-4BA9-A1BC-49418D7840E5}.Release|ARM.Build.0 = Release|ARM
		{C9775283-C274-4BA9-A1BC-49418D7840E5}.Release|iPhone.ActiveCfg = Release|Any CPU
		{C9775283-C274-4BA9-A1BC-49418D7840E5}.Release|iPhone.Build.0 = Release|Any CPU
		{C9775283-C274-4BA9-A1BC-49418D7840E5}.Release|iPhoneSimulator.ActiveCfg = Release|Any CPU
		{C9775283-C274-4BA9-A1BC-49418D7840E5}.Release|iPhoneSimulator.Build.0 = Release|Any CPU
		{C9775283-C274-4BA9-A1BC-49418D7840E5}.Release|Mixed Platforms.ActiveCfg = Release|x86
		{C9775283-C274-4BA9-A1BC-49418D7840E5}.Release|Mixed Platforms.Build.0 = Release|x86
		{C9775283-C274-4BA9-A1BC-49418D7840E5}.Release|x64.ActiveCfg = Release|x64
		{C9775283-C274-4BA9-A1BC-49418D7840E5}.Release|x64.Build.0 = Release|x64
		{C9775283-C274-4BA9-A1BC-49418D7840E5}.Release|x86.ActiveCfg = Release|x86
		{C9775283-C274-4BA9-A1BC-49418D7840E5}.Release|x86.Build.0 = Release|x86
		{B0040786-1AB0-4FD6-93D2-E5BA330FB4BC}.Ad-Hoc|Any CPU.ActiveCfg = Release|x86
		{B0040786-1AB0-4FD6-93D2-E5BA330FB4BC}.Ad-Hoc|Any CPU.Build.0 = Release|x86
		{B0040786-1AB0-4FD6-93D2-E5BA330FB4BC}.Ad-Hoc|Any CPU.Deploy.0 = Release|x86
		{B0040786-1AB0-4FD6-93D2-E5BA330FB4BC}.Ad-Hoc|ARM.ActiveCfg = Release|ARM
		{B0040786-1AB0-4FD6-93D2-E5BA330FB4BC}.Ad-Hoc|ARM.Build.0 = Release|ARM
		{B0040786-1AB0-4FD6-93D2-E5BA330FB4BC}.Ad-Hoc|ARM.Deploy.0 = Release|ARM
		{B0040786-1AB0-4FD6-93D2-E5BA330FB4BC}.Ad-Hoc|iPhone.ActiveCfg = Release|x86
		{B0040786-1AB0-4FD6-93D2-E5BA330FB4BC}.Ad-Hoc|iPhone.Build.0 = Release|x86
		{B0040786-1AB0-4FD6-93D2-E5BA330FB4BC}.Ad-Hoc|iPhone.Deploy.0 = Release|x86
		{B0040786-1AB0-4FD6-93D2-E5BA330FB4BC}.Ad-Hoc|iPhoneSimulator.ActiveCfg = Release|x86
		{B0040786-1AB0-4FD6-93D2-E5BA330FB4BC}.Ad-Hoc|iPhoneSimulator.Build.0 = Release|x86
		{B0040786-1AB0-4FD6-93D2-E5BA330FB4BC}.Ad-Hoc|iPhoneSimulator.Deploy.0 = Release|x86
		{B0040786-1AB0-4FD6-93D2-E5BA330FB4BC}.Ad-Hoc|Mixed Platforms.ActiveCfg = Release|x86
		{B0040786-1AB0-4FD6-93D2-E5BA330FB4BC}.Ad-Hoc|Mixed Platforms.Build.0 = Release|x86
		{B0040786-1AB0-4FD6-93D2-E5BA330FB4BC}.Ad-Hoc|Mixed Platforms.Deploy.0 = Release|x86
		{B0040786-1AB0-4FD6-93D2-E5BA330FB4BC}.Ad-Hoc|x64.ActiveCfg = Release|x64
		{B0040786-1AB0-4FD6-93D2-E5BA330FB4BC}.Ad-Hoc|x64.Build.0 = Release|x64
		{B0040786-1AB0-4FD6-93D2-E5BA330FB4BC}.Ad-Hoc|x64.Deploy.0 = Release|x64
		{B0040786-1AB0-4FD6-93D2-E5BA330FB4BC}.Ad-Hoc|x86.ActiveCfg = Release|x86
		{B0040786-1AB0-4FD6-93D2-E5BA330FB4BC}.Ad-Hoc|x86.Build.0 = Release|x86
		{B0040786-1AB0-4FD6-93D2-E5BA330FB4BC}.Ad-Hoc|x86.Deploy.0 = Release|x86
		{B0040786-1AB0-4FD6-93D2-E5BA330FB4BC}.AppStore|Any CPU.ActiveCfg = Release|x86
		{B0040786-1AB0-4FD6-93D2-E5BA330FB4BC}.AppStore|Any CPU.Build.0 = Release|x86
		{B0040786-1AB0-4FD6-93D2-E5BA330FB4BC}.AppStore|Any CPU.Deploy.0 = Release|x86
		{B0040786-1AB0-4FD6-93D2-E5BA330FB4BC}.AppStore|ARM.ActiveCfg = Release|ARM
		{B0040786-1AB0-4FD6-93D2-E5BA330FB4BC}.AppStore|ARM.Build.0 = Release|ARM
		{B0040786-1AB0-4FD6-93D2-E5BA330FB4BC}.AppStore|ARM.Deploy.0 = Release|ARM
		{B0040786-1AB0-4FD6-93D2-E5BA330FB4BC}.AppStore|iPhone.ActiveCfg = Release|x86
		{B0040786-1AB0-4FD6-93D2-E5BA330FB4BC}.AppStore|iPhone.Build.0 = Release|x86
		{B0040786-1AB0-4FD6-93D2-E5BA330FB4BC}.AppStore|iPhone.Deploy.0 = Release|x86
		{B0040786-1AB0-4FD6-93D2-E5BA330FB4BC}.AppStore|iPhoneSimulator.ActiveCfg = Release|x86
		{B0040786-1AB0-4FD6-93D2-E5BA330FB4BC}.AppStore|iPhoneSimulator.Build.0 = Release|x86
		{B0040786-1AB0-4FD6-93D2-E5BA330FB4BC}.AppStore|iPhoneSimulator.Deploy.0 = Release|x86
		{B0040786-1AB0-4FD6-93D2-E5BA330FB4BC}.AppStore|Mixed Platforms.ActiveCfg = Release|x86
		{B0040786-1AB0-4FD6-93D2-E5BA330FB4BC}.AppStore|Mixed Platforms.Build.0 = Release|x86
		{B0040786-1AB0-4FD6-93D2-E5BA330FB4BC}.AppStore|Mixed Platforms.Deploy.0 = Release|x86
		{B0040786-1AB0-4FD6-93D2-E5BA330FB4BC}.AppStore|x64.ActiveCfg = Release|x64
		{B0040786-1AB0-4FD6-93D2-E5BA330FB4BC}.AppStore|x64.Build.0 = Release|x64
		{B0040786-1AB0-4FD6-93D2-E5BA330FB4BC}.AppStore|x64.Deploy.0 = Release|x64
		{B0040786-1AB0-4FD6-93D2-E5BA330FB4BC}.AppStore|x86.ActiveCfg = Release|x86
		{B0040786-1AB0-4FD6-93D2-E5BA330FB4BC}.AppStore|x86.Build.0 = Release|x86
		{B0040786-1AB0-4FD6-93D2-E5BA330FB4BC}.AppStore|x86.Deploy.0 = Release|x86
		{B0040786-1AB0-4FD6-93D2-E5BA330FB4BC}.Debug|Any CPU.ActiveCfg = Debug|x86
		{B0040786-1AB0-4FD6-93D2-E5BA330FB4BC}.Debug|ARM.ActiveCfg = Debug|ARM
		{B0040786-1AB0-4FD6-93D2-E5BA330FB4BC}.Debug|ARM.Build.0 = Debug|ARM
		{B0040786-1AB0-4FD6-93D2-E5BA330FB4BC}.Debug|ARM.Deploy.0 = Debug|ARM
		{B0040786-1AB0-4FD6-93D2-E5BA330FB4BC}.Debug|iPhone.ActiveCfg = Debug|x86
		{B0040786-1AB0-4FD6-93D2-E5BA330FB4BC}.Debug|iPhoneSimulator.ActiveCfg = Debug|x86
		{B0040786-1AB0-4FD6-93D2-E5BA330FB4BC}.Debug|Mixed Platforms.ActiveCfg = Debug|x86
		{B0040786-1AB0-4FD6-93D2-E5BA330FB4BC}.Debug|Mixed Platforms.Build.0 = Debug|x86
		{B0040786-1AB0-4FD6-93D2-E5BA330FB4BC}.Debug|Mixed Platforms.Deploy.0 = Debug|x86
		{B0040786-1AB0-4FD6-93D2-E5BA330FB4BC}.Debug|x64.ActiveCfg = Debug|x64
		{B0040786-1AB0-4FD6-93D2-E5BA330FB4BC}.Debug|x64.Build.0 = Debug|x64
		{B0040786-1AB0-4FD6-93D2-E5BA330FB4BC}.Debug|x64.Deploy.0 = Debug|x64
		{B0040786-1AB0-4FD6-93D2-E5BA330FB4BC}.Debug|x86.ActiveCfg = Debug|x86
		{B0040786-1AB0-4FD6-93D2-E5BA330FB4BC}.Debug|x86.Build.0 = Debug|x86
		{B0040786-1AB0-4FD6-93D2-E5BA330FB4BC}.Debug|x86.Deploy.0 = Debug|x86
		{B0040786-1AB0-4FD6-93D2-E5BA330FB4BC}.Release|Any CPU.ActiveCfg = Release|x86
		{B0040786-1AB0-4FD6-93D2-E5BA330FB4BC}.Release|ARM.ActiveCfg = Release|ARM
		{B0040786-1AB0-4FD6-93D2-E5BA330FB4BC}.Release|ARM.Build.0 = Release|ARM
		{B0040786-1AB0-4FD6-93D2-E5BA330FB4BC}.Release|ARM.Deploy.0 = Release|ARM
		{B0040786-1AB0-4FD6-93D2-E5BA330FB4BC}.Release|iPhone.ActiveCfg = Release|x86
		{B0040786-1AB0-4FD6-93D2-E5BA330FB4BC}.Release|iPhoneSimulator.ActiveCfg = Release|x86
		{B0040786-1AB0-4FD6-93D2-E5BA330FB4BC}.Release|Mixed Platforms.ActiveCfg = Release|x86
		{B0040786-1AB0-4FD6-93D2-E5BA330FB4BC}.Release|Mixed Platforms.Build.0 = Release|x86
		{B0040786-1AB0-4FD6-93D2-E5BA330FB4BC}.Release|Mixed Platforms.Deploy.0 = Release|x86
		{B0040786-1AB0-4FD6-93D2-E5BA330FB4BC}.Release|x64.ActiveCfg = Release|x64
		{B0040786-1AB0-4FD6-93D2-E5BA330FB4BC}.Release|x64.Build.0 = Release|x64
		{B0040786-1AB0-4FD6-93D2-E5BA330FB4BC}.Release|x64.Deploy.0 = Release|x64
		{B0040786-1AB0-4FD6-93D2-E5BA330FB4BC}.Release|x86.ActiveCfg = Release|x86
		{B0040786-1AB0-4FD6-93D2-E5BA330FB4BC}.Release|x86.Build.0 = Release|x86
		{B0040786-1AB0-4FD6-93D2-E5BA330FB4BC}.Release|x86.Deploy.0 = Release|x86
	EndGlobalSection
	GlobalSection(SolutionProperties) = preSolution
		HideSolutionNode = FALSE
	EndGlobalSection
	GlobalSection(NestedProjects) = preSolution
		{C9209134-AEA3-4C7F-AD74-00D578A6F208} = {B3AE763A-DC9C-4F5D-B5F0-97A1B10D147B}
		{09BCB5FA-30AD-49AF-8034-5670CCB320B5} = {B3AE763A-DC9C-4F5D-B5F0-97A1B10D147B}
		{3BF3745A-8491-46A9-AF66-F8DE22ACCF31} = {B3AE763A-DC9C-4F5D-B5F0-97A1B10D147B}
		{AF293652-BAA0-4813-B4F3-2D5A2CDDE0B4} = {040381B1-C9E8-4D7C-8A60-EF4C343C7374}
		{391CE92C-08F6-4DDF-941C-A8980DCC196E} = {040381B1-C9E8-4D7C-8A60-EF4C343C7374}
		{17A2B97C-56EA-40B8-8901-5E0728876657} = {040381B1-C9E8-4D7C-8A60-EF4C343C7374}
		{47B8B14F-DA28-4188-BECB-23C4EE51E0F5} = {B3AE763A-DC9C-4F5D-B5F0-97A1B10D147B}
		{2A198895-EDFB-4A82-899E-E7D1D1C592E8} = {040381B1-C9E8-4D7C-8A60-EF4C343C7374}
		{C9775283-C274-4BA9-A1BC-49418D7840E5} = {B3AE763A-DC9C-4F5D-B5F0-97A1B10D147B}
		{B0040786-1AB0-4FD6-93D2-E5BA330FB4BC} = {040381B1-C9E8-4D7C-8A60-EF4C343C7374}
	EndGlobalSection
EndGlobal
