
Microsoft Visual Studio Solution File, Format Version 12.00
# Visual Studio 15
VisualStudioVersion = 15.0.27428.2005
MinimumVisualStudioVersion = 10.0.40219.1
Project("{2150E333-8FDC-42A3-9474-1A3956D46DE8}") = "Solution Items", "Solution Items", "{DABD2667-0EF4-4814-8353-8675E1C8F95E}"
	ProjectSection(SolutionItems) = preProject
		.gitattributes = .gitattributes
		.gitignore = .gitignore
		build.cake = build.cake
		README.md = README.md
	EndProjectSection
EndProject
Project("{2150E333-8FDC-42A3-9474-1A3956D46DE8}") = "Src", "Src", "{B3AE763A-DC9C-4F5D-B5F0-97A1B10D147B}"
EndProject
Project("{2150E333-8FDC-42A3-9474-1A3956D46DE8}") = "Tests", "Tests", "{040381B1-C9E8-4D7C-8A60-EF4C343C7374}"
EndProject
Project("{9A19103F-16F7-4668-BE54-9A1E7A4F7556}") = "nunit.xamarin", "src\nunit.xamarin\nunit.xamarin.csproj", "{A9479AD9-EE64-4590-927C-FFDC13AC7C70}"
EndProject
Project("{D954291E-2A0B-460D-934E-DC6B0785DB48}") = "nunit.runner.tests", "tests\nunit.runner.tests\nunit.runner.tests.shproj", "{AF293652-BAA0-4813-B4F3-2D5A2CDDE0B4}"
EndProject
Project("{FAE04EC0-301F-11D3-BF4B-00C04F79EFBC}") = "nunit.runner.tests.Droid", "tests\nunit.runner.tests.Droid\nunit.runner.tests.Droid.csproj", "{FEC118A7-A5B1-4058-898E-2DE513708A07}"
EndProject
Project("{FAE04EC0-301F-11D3-BF4B-00C04F79EFBC}") = "nunit.runner.tests.iOS", "tests\nunit.runner.tests.iOS\nunit.runner.tests.iOS.csproj", "{17A2B97C-56EA-40B8-8901-5E0728876657}"
EndProject
Project("{FAE04EC0-301F-11D3-BF4B-00C04F79EFBC}") = "nunit.runner.tests.uwp", "tests\nunit.runner.tests.uwp\nunit.runner.tests.uwp.csproj", "{B0040786-1AB0-4FD6-93D2-E5BA330FB4BC}"
EndProject
Global
	GlobalSection(SharedMSBuildProjectFiles) = preSolution
		tests\nunit.runner.tests\nunit.runner.tests.projitems*{17a2b97c-56ea-40b8-8901-5e0728876657}*SharedItemsImports = 4
		tests\nunit.runner.tests\nunit.runner.tests.projitems*{af293652-baa0-4813-b4f3-2d5a2cdde0b4}*SharedItemsImports = 13
		tests\nunit.runner.tests\nunit.runner.tests.projitems*{b0040786-1ab0-4fd6-93d2-e5ba330fb4bc}*SharedItemsImports = 4
		tests\nunit.runner.tests\nunit.runner.tests.projitems*{fec118a7-a5b1-4058-898e-2de513708a07}*SharedItemsImports = 4
	EndGlobalSection
	GlobalSection(SolutionConfigurationPlatforms) = preSolution
		Ad-Hoc|Any CPU = Ad-Hoc|Any CPU
		Ad-Hoc|ARM = Ad-Hoc|ARM
		Ad-Hoc|iPhone = Ad-Hoc|iPhone
		Ad-Hoc|iPhoneSimulator = Ad-Hoc|iPhoneSimulator
		Ad-Hoc|Mixed Platforms = Ad-Hoc|Mixed Platforms
		Ad-Hoc|x64 = Ad-Hoc|x64
		Ad-Hoc|x86 = Ad-Hoc|x86
		AppStore|Any CPU = AppStore|Any CPU
		AppStore|ARM = AppStore|ARM
		AppStore|iPhone = AppStore|iPhone
		AppStore|iPhoneSimulator = AppStore|iPhoneSimulator
		AppStore|Mixed Platforms = AppStore|Mixed Platforms
		AppStore|x64 = AppStore|x64
		AppStore|x86 = AppStore|x86
		Debug|Any CPU = Debug|Any CPU
		Debug|ARM = Debug|ARM
		Debug|iPhone = Debug|iPhone
		Debug|iPhoneSimulator = Debug|iPhoneSimulator
		Debug|Mixed Platforms = Debug|Mixed Platforms
		Debug|x64 = Debug|x64
		Debug|x86 = Debug|x86
		Release|Any CPU = Release|Any CPU
		Release|ARM = Release|ARM
		Release|iPhone = Release|iPhone
		Release|iPhoneSimulator = Release|iPhoneSimulator
		Release|Mixed Platforms = Release|Mixed Platforms
		Release|x64 = Release|x64
		Release|x86 = Release|x86
	EndGlobalSection
	GlobalSection(ProjectConfigurationPlatforms) = postSolution
		{A9479AD9-EE64-4590-927C-FFDC13AC7C70}.Ad-Hoc|Any CPU.ActiveCfg = Debug|Any CPU
		{A9479AD9-EE64-4590-927C-FFDC13AC7C70}.Ad-Hoc|Any CPU.Build.0 = Debug|Any CPU
		{A9479AD9-EE64-4590-927C-FFDC13AC7C70}.Ad-Hoc|ARM.ActiveCfg = Debug|Any CPU
		{A9479AD9-EE64-4590-927C-FFDC13AC7C70}.Ad-Hoc|ARM.Build.0 = Debug|Any CPU
		{A9479AD9-EE64-4590-927C-FFDC13AC7C70}.Ad-Hoc|iPhone.ActiveCfg = Debug|Any CPU
		{A9479AD9-EE64-4590-927C-FFDC13AC7C70}.Ad-Hoc|iPhone.Build.0 = Debug|Any CPU
		{A9479AD9-EE64-4590-927C-FFDC13AC7C70}.Ad-Hoc|iPhoneSimulator.ActiveCfg = Debug|Any CPU
		{A9479AD9-EE64-4590-927C-FFDC13AC7C70}.Ad-Hoc|iPhoneSimulator.Build.0 = Debug|Any CPU
		{A9479AD9-EE64-4590-927C-FFDC13AC7C70}.Ad-Hoc|Mixed Platforms.ActiveCfg = Debug|Any CPU
		{A9479AD9-EE64-4590-927C-FFDC13AC7C70}.Ad-Hoc|Mixed Platforms.Build.0 = Debug|Any CPU
		{A9479AD9-EE64-4590-927C-FFDC13AC7C70}.Ad-Hoc|x64.ActiveCfg = Debug|Any CPU
		{A9479AD9-EE64-4590-927C-FFDC13AC7C70}.Ad-Hoc|x64.Build.0 = Debug|Any CPU
		{A9479AD9-EE64-4590-927C-FFDC13AC7C70}.Ad-Hoc|x86.ActiveCfg = Debug|Any CPU
		{A9479AD9-EE64-4590-927C-FFDC13AC7C70}.Ad-Hoc|x86.Build.0 = Debug|Any CPU
		{A9479AD9-EE64-4590-927C-FFDC13AC7C70}.AppStore|Any CPU.ActiveCfg = Debug|Any CPU
		{A9479AD9-EE64-4590-927C-FFDC13AC7C70}.AppStore|Any CPU.Build.0 = Debug|Any CPU
		{A9479AD9-EE64-4590-927C-FFDC13AC7C70}.AppStore|ARM.ActiveCfg = Debug|Any CPU
		{A9479AD9-EE64-4590-927C-FFDC13AC7C70}.AppStore|ARM.Build.0 = Debug|Any CPU
		{A9479AD9-EE64-4590-927C-FFDC13AC7C70}.AppStore|iPhone.ActiveCfg = Debug|Any CPU
		{A9479AD9-EE64-4590-927C-FFDC13AC7C70}.AppStore|iPhone.Build.0 = Debug|Any CPU
		{A9479AD9-EE64-4590-927C-FFDC13AC7C70}.AppStore|iPhoneSimulator.ActiveCfg = Debug|Any CPU
		{A9479AD9-EE64-4590-927C-FFDC13AC7C70}.AppStore|iPhoneSimulator.Build.0 = Debug|Any CPU
		{A9479AD9-EE64-4590-927C-FFDC13AC7C70}.AppStore|Mixed Platforms.ActiveCfg = Debug|Any CPU
		{A9479AD9-EE64-4590-927C-FFDC13AC7C70}.AppStore|Mixed Platforms.Build.0 = Debug|Any CPU
		{A9479AD9-EE64-4590-927C-FFDC13AC7C70}.AppStore|x64.ActiveCfg = Debug|Any CPU
		{A9479AD9-EE64-4590-927C-FFDC13AC7C70}.AppStore|x64.Build.0 = Debug|Any CPU
		{A9479AD9-EE64-4590-927C-FFDC13AC7C70}.AppStore|x86.ActiveCfg = Debug|Any CPU
		{A9479AD9-EE64-4590-927C-FFDC13AC7C70}.AppStore|x86.Build.0 = Debug|Any CPU
		{A9479AD9-EE64-4590-927C-FFDC13AC7C70}.Debug|Any CPU.ActiveCfg = Debug|Any CPU
		{A9479AD9-EE64-4590-927C-FFDC13AC7C70}.Debug|Any CPU.Build.0 = Debug|Any CPU
		{A9479AD9-EE64-4590-927C-FFDC13AC7C70}.Debug|ARM.ActiveCfg = Debug|Any CPU
		{A9479AD9-EE64-4590-927C-FFDC13AC7C70}.Debug|ARM.Build.0 = Debug|Any CPU
		{A9479AD9-EE64-4590-927C-FFDC13AC7C70}.Debug|iPhone.ActiveCfg = Debug|Any CPU
		{A9479AD9-EE64-4590-927C-FFDC13AC7C70}.Debug|iPhone.Build.0 = Debug|Any CPU
		{A9479AD9-EE64-4590-927C-FFDC13AC7C70}.Debug|iPhoneSimulator.ActiveCfg = Debug|Any CPU
		{A9479AD9-EE64-4590-927C-FFDC13AC7C70}.Debug|iPhoneSimulator.Build.0 = Debug|Any CPU
		{A9479AD9-EE64-4590-927C-FFDC13AC7C70}.Debug|Mixed Platforms.ActiveCfg = Debug|Any CPU
		{A9479AD9-EE64-4590-927C-FFDC13AC7C70}.Debug|Mixed Platforms.Build.0 = Debug|Any CPU
		{A9479AD9-EE64-4590-927C-FFDC13AC7C70}.Debug|x64.ActiveCfg = Debug|Any CPU
		{A9479AD9-EE64-4590-927C-FFDC13AC7C70}.Debug|x64.Build.0 = Debug|Any CPU
		{A9479AD9-EE64-4590-927C-FFDC13AC7C70}.Debug|x86.ActiveCfg = Debug|Any CPU
		{A9479AD9-EE64-4590-927C-FFDC13AC7C70}.Debug|x86.Build.0 = Debug|Any CPU
		{A9479AD9-EE64-4590-927C-FFDC13AC7C70}.Release|Any CPU.ActiveCfg = Release|Any CPU
		{A9479AD9-EE64-4590-927C-FFDC13AC7C70}.Release|Any CPU.Build.0 = Release|Any CPU
		{A9479AD9-EE64-4590-927C-FFDC13AC7C70}.Release|ARM.ActiveCfg = Release|Any CPU
		{A9479AD9-EE64-4590-927C-FFDC13AC7C70}.Release|ARM.Build.0 = Release|Any CPU
		{A9479AD9-EE64-4590-927C-FFDC13AC7C70}.Release|iPhone.ActiveCfg = Release|Any CPU
		{A9479AD9-EE64-4590-927C-FFDC13AC7C70}.Release|iPhone.Build.0 = Release|Any CPU
		{A9479AD9-EE64-4590-927C-FFDC13AC7C70}.Release|iPhoneSimulator.ActiveCfg = Release|Any CPU
		{A9479AD9-EE64-4590-927C-FFDC13AC7C70}.Release|iPhoneSimulator.Build.0 = Release|Any CPU
		{A9479AD9-EE64-4590-927C-FFDC13AC7C70}.Release|Mixed Platforms.ActiveCfg = Release|Any CPU
		{A9479AD9-EE64-4590-927C-FFDC13AC7C70}.Release|Mixed Platforms.Build.0 = Release|Any CPU
		{A9479AD9-EE64-4590-927C-FFDC13AC7C70}.Release|x64.ActiveCfg = Release|Any CPU
		{A9479AD9-EE64-4590-927C-FFDC13AC7C70}.Release|x64.Build.0 = Release|Any CPU
		{A9479AD9-EE64-4590-927C-FFDC13AC7C70}.Release|x86.ActiveCfg = Release|Any CPU
		{A9479AD9-EE64-4590-927C-FFDC13AC7C70}.Release|x86.Build.0 = Release|Any CPU
		{FEC118A7-A5B1-4058-898E-2DE513708A07}.Ad-Hoc|Any CPU.ActiveCfg = Release|Any CPU
		{FEC118A7-A5B1-4058-898E-2DE513708A07}.Ad-Hoc|Any CPU.Build.0 = Release|Any CPU
		{FEC118A7-A5B1-4058-898E-2DE513708A07}.Ad-Hoc|Any CPU.Deploy.0 = Release|Any CPU
		{FEC118A7-A5B1-4058-898E-2DE513708A07}.Ad-Hoc|ARM.ActiveCfg = Release|Any CPU
		{FEC118A7-A5B1-4058-898E-2DE513708A07}.Ad-Hoc|ARM.Build.0 = Release|Any CPU
		{FEC118A7-A5B1-4058-898E-2DE513708A07}.Ad-Hoc|ARM.Deploy.0 = Release|Any CPU
		{FEC118A7-A5B1-4058-898E-2DE513708A07}.Ad-Hoc|iPhone.ActiveCfg = Release|Any CPU
		{FEC118A7-A5B1-4058-898E-2DE513708A07}.Ad-Hoc|iPhone.Build.0 = Release|Any CPU
		{FEC118A7-A5B1-4058-898E-2DE513708A07}.Ad-Hoc|iPhone.Deploy.0 = Release|Any CPU
		{FEC118A7-A5B1-4058-898E-2DE513708A07}.Ad-Hoc|iPhoneSimulator.ActiveCfg = Release|Any CPU
		{FEC118A7-A5B1-4058-898E-2DE513708A07}.Ad-Hoc|iPhoneSimulator.Build.0 = Release|Any CPU
		{FEC118A7-A5B1-4058-898E-2DE513708A07}.Ad-Hoc|iPhoneSimulator.Deploy.0 = Release|Any CPU
		{FEC118A7-A5B1-4058-898E-2DE513708A07}.Ad-Hoc|Mixed Platforms.ActiveCfg = Release|Any CPU
		{FEC118A7-A5B1-4058-898E-2DE513708A07}.Ad-Hoc|Mixed Platforms.Build.0 = Release|Any CPU
		{FEC118A7-A5B1-4058-898E-2DE513708A07}.Ad-Hoc|Mixed Platforms.Deploy.0 = Release|Any CPU
		{FEC118A7-A5B1-4058-898E-2DE513708A07}.Ad-Hoc|x64.ActiveCfg = Release|Any CPU
		{FEC118A7-A5B1-4058-898E-2DE513708A07}.Ad-Hoc|x64.Build.0 = Release|Any CPU
		{FEC118A7-A5B1-4058-898E-2DE513708A07}.Ad-Hoc|x64.Deploy.0 = Release|Any CPU
		{FEC118A7-A5B1-4058-898E-2DE513708A07}.Ad-Hoc|x86.ActiveCfg = Release|Any CPU
		{FEC118A7-A5B1-4058-898E-2DE513708A07}.Ad-Hoc|x86.Build.0 = Release|Any CPU
		{FEC118A7-A5B1-4058-898E-2DE513708A07}.Ad-Hoc|x86.Deploy.0 = Release|Any CPU
		{FEC118A7-A5B1-4058-898E-2DE513708A07}.AppStore|Any CPU.ActiveCfg = Release|Any CPU
		{FEC118A7-A5B1-4058-898E-2DE513708A07}.AppStore|Any CPU.Build.0 = Release|Any CPU
		{FEC118A7-A5B1-4058-898E-2DE513708A07}.AppStore|Any CPU.Deploy.0 = Release|Any CPU
		{FEC118A7-A5B1-4058-898E-2DE513708A07}.AppStore|ARM.ActiveCfg = Release|Any CPU
		{FEC118A7-A5B1-4058-898E-2DE513708A07}.AppStore|ARM.Build.0 = Release|Any CPU
		{FEC118A7-A5B1-4058-898E-2DE513708A07}.AppStore|ARM.Deploy.0 = Release|Any CPU
		{FEC118A7-A5B1-4058-898E-2DE513708A07}.AppStore|iPhone.ActiveCfg = Release|Any CPU
		{FEC118A7-A5B1-4058-898E-2DE513708A07}.AppStore|iPhone.Build.0 = Release|Any CPU
		{FEC118A7-A5B1-4058-898E-2DE513708A07}.AppStore|iPhone.Deploy.0 = Release|Any CPU
		{FEC118A7-A5B1-4058-898E-2DE513708A07}.AppStore|iPhoneSimulator.ActiveCfg = Release|Any CPU
		{FEC118A7-A5B1-4058-898E-2DE513708A07}.AppStore|iPhoneSimulator.Build.0 = Release|Any CPU
		{FEC118A7-A5B1-4058-898E-2DE513708A07}.AppStore|iPhoneSimulator.Deploy.0 = Release|Any CPU
		{FEC118A7-A5B1-4058-898E-2DE513708A07}.AppStore|Mixed Platforms.ActiveCfg = Release|Any CPU
		{FEC118A7-A5B1-4058-898E-2DE513708A07}.AppStore|Mixed Platforms.Build.0 = Release|Any CPU
		{FEC118A7-A5B1-4058-898E-2DE513708A07}.AppStore|Mixed Platforms.Deploy.0 = Release|Any CPU
		{FEC118A7-A5B1-4058-898E-2DE513708A07}.AppStore|x64.ActiveCfg = Release|Any CPU
		{FEC118A7-A5B1-4058-898E-2DE513708A07}.AppStore|x64.Build.0 = Release|Any CPU
		{FEC118A7-A5B1-4058-898E-2DE513708A07}.AppStore|x64.Deploy.0 = Release|Any CPU
		{FEC118A7-A5B1-4058-898E-2DE513708A07}.AppStore|x86.ActiveCfg = Release|Any CPU
		{FEC118A7-A5B1-4058-898E-2DE513708A07}.AppStore|x86.Build.0 = Release|Any CPU
		{FEC118A7-A5B1-4058-898E-2DE513708A07}.AppStore|x86.Deploy.0 = Release|Any CPU
		{FEC118A7-A5B1-4058-898E-2DE513708A07}.Debug|Any CPU.ActiveCfg = Debug|Any CPU
		{FEC118A7-A5B1-4058-898E-2DE513708A07}.Debug|Any CPU.Build.0 = Debug|Any CPU
		{FEC118A7-A5B1-4058-898E-2DE513708A07}.Debug|Any CPU.Deploy.0 = Debug|Any CPU
		{FEC118A7-A5B1-4058-898E-2DE513708A07}.Debug|ARM.ActiveCfg = Debug|Any CPU
		{FEC118A7-A5B1-4058-898E-2DE513708A07}.Debug|ARM.Build.0 = Debug|Any CPU
		{FEC118A7-A5B1-4058-898E-2DE513708A07}.Debug|ARM.Deploy.0 = Debug|Any CPU
		{FEC118A7-A5B1-4058-898E-2DE513708A07}.Debug|iPhone.ActiveCfg = Debug|Any CPU
		{FEC118A7-A5B1-4058-898E-2DE513708A07}.Debug|iPhone.Build.0 = Debug|Any CPU
		{FEC118A7-A5B1-4058-898E-2DE513708A07}.Debug|iPhone.Deploy.0 = Debug|Any CPU
		{FEC118A7-A5B1-4058-898E-2DE513708A07}.Debug|iPhoneSimulator.ActiveCfg = Debug|Any CPU
		{FEC118A7-A5B1-4058-898E-2DE513708A07}.Debug|iPhoneSimulator.Build.0 = Debug|Any CPU
		{FEC118A7-A5B1-4058-898E-2DE513708A07}.Debug|iPhoneSimulator.Deploy.0 = Debug|Any CPU
		{FEC118A7-A5B1-4058-898E-2DE513708A07}.Debug|Mixed Platforms.ActiveCfg = Debug|Any CPU
		{FEC118A7-A5B1-4058-898E-2DE513708A07}.Debug|Mixed Platforms.Build.0 = Debug|Any CPU
		{FEC118A7-A5B1-4058-898E-2DE513708A07}.Debug|Mixed Platforms.Deploy.0 = Debug|Any CPU
		{FEC118A7-A5B1-4058-898E-2DE513708A07}.Debug|x64.ActiveCfg = Debug|Any CPU
		{FEC118A7-A5B1-4058-898E-2DE513708A07}.Debug|x64.Build.0 = Debug|Any CPU
		{FEC118A7-A5B1-4058-898E-2DE513708A07}.Debug|x64.Deploy.0 = Debug|Any CPU
		{FEC118A7-A5B1-4058-898E-2DE513708A07}.Debug|x86.ActiveCfg = Debug|Any CPU
		{FEC118A7-A5B1-4058-898E-2DE513708A07}.Debug|x86.Build.0 = Debug|Any CPU
		{FEC118A7-A5B1-4058-898E-2DE513708A07}.Debug|x86.Deploy.0 = Debug|Any CPU
		{FEC118A7-A5B1-4058-898E-2DE513708A07}.Release|Any CPU.ActiveCfg = Release|Any CPU
		{FEC118A7-A5B1-4058-898E-2DE513708A07}.Release|Any CPU.Build.0 = Release|Any CPU
		{FEC118A7-A5B1-4058-898E-2DE513708A07}.Release|Any CPU.Deploy.0 = Release|Any CPU
		{FEC118A7-A5B1-4058-898E-2DE513708A07}.Release|ARM.ActiveCfg = Release|Any CPU
		{FEC118A7-A5B1-4058-898E-2DE513708A07}.Release|ARM.Build.0 = Release|Any CPU
		{FEC118A7-A5B1-4058-898E-2DE513708A07}.Release|ARM.Deploy.0 = Release|Any CPU
		{FEC118A7-A5B1-4058-898E-2DE513708A07}.Release|iPhone.ActiveCfg = Release|Any CPU
		{FEC118A7-A5B1-4058-898E-2DE513708A07}.Release|iPhone.Build.0 = Release|Any CPU
		{FEC118A7-A5B1-4058-898E-2DE513708A07}.Release|iPhone.Deploy.0 = Release|Any CPU
		{FEC118A7-A5B1-4058-898E-2DE513708A07}.Release|iPhoneSimulator.ActiveCfg = Release|Any CPU
		{FEC118A7-A5B1-4058-898E-2DE513708A07}.Release|iPhoneSimulator.Build.0 = Release|Any CPU
		{FEC118A7-A5B1-4058-898E-2DE513708A07}.Release|iPhoneSimulator.Deploy.0 = Release|Any CPU
		{FEC118A7-A5B1-4058-898E-2DE513708A07}.Release|Mixed Platforms.ActiveCfg = Release|Any CPU
		{FEC118A7-A5B1-4058-898E-2DE513708A07}.Release|Mixed Platforms.Build.0 = Release|Any CPU
		{FEC118A7-A5B1-4058-898E-2DE513708A07}.Release|Mixed Platforms.Deploy.0 = Release|Any CPU
		{FEC118A7-A5B1-4058-898E-2DE513708A07}.Release|x64.ActiveCfg = Release|Any CPU
		{FEC118A7-A5B1-4058-898E-2DE513708A07}.Release|x64.Build.0 = Release|Any CPU
		{FEC118A7-A5B1-4058-898E-2DE513708A07}.Release|x64.Deploy.0 = Release|Any CPU
		{FEC118A7-A5B1-4058-898E-2DE513708A07}.Release|x86.ActiveCfg = Release|Any CPU
		{FEC118A7-A5B1-4058-898E-2DE513708A07}.Release|x86.Build.0 = Release|Any CPU
		{FEC118A7-A5B1-4058-898E-2DE513708A07}.Release|x86.Deploy.0 = Release|Any CPU
		{17A2B97C-56EA-40B8-8901-5E0728876657}.Ad-Hoc|Any CPU.ActiveCfg = Ad-Hoc|iPhone
		{17A2B97C-56EA-40B8-8901-5E0728876657}.Ad-Hoc|ARM.ActiveCfg = Ad-Hoc|iPhone
		{17A2B97C-56EA-40B8-8901-5E0728876657}.Ad-Hoc|iPhone.ActiveCfg = Ad-Hoc|iPhone
		{17A2B97C-56EA-40B8-8901-5E0728876657}.Ad-Hoc|iPhone.Build.0 = Ad-Hoc|iPhone
		{17A2B97C-56EA-40B8-8901-5E0728876657}.Ad-Hoc|iPhoneSimulator.ActiveCfg = Ad-Hoc|iPhoneSimulator
		{17A2B97C-56EA-40B8-8901-5E0728876657}.Ad-Hoc|iPhoneSimulator.Build.0 = Ad-Hoc|iPhoneSimulator
		{17A2B97C-56EA-40B8-8901-5E0728876657}.Ad-Hoc|Mixed Platforms.ActiveCfg = Ad-Hoc|iPhone
		{17A2B97C-56EA-40B8-8901-5E0728876657}.Ad-Hoc|Mixed Platforms.Build.0 = Ad-Hoc|iPhone
		{17A2B97C-56EA-40B8-8901-5E0728876657}.Ad-Hoc|x64.ActiveCfg = Ad-Hoc|iPhone
		{17A2B97C-56EA-40B8-8901-5E0728876657}.Ad-Hoc|x86.ActiveCfg = Ad-Hoc|iPhone
		{17A2B97C-56EA-40B8-8901-5E0728876657}.AppStore|Any CPU.ActiveCfg = AppStore|iPhone
		{17A2B97C-56EA-40B8-8901-5E0728876657}.AppStore|ARM.ActiveCfg = AppStore|iPhone
		{17A2B97C-56EA-40B8-8901-5E0728876657}.AppStore|iPhone.ActiveCfg = AppStore|iPhone
		{17A2B97C-56EA-40B8-8901-5E0728876657}.AppStore|iPhone.Build.0 = AppStore|iPhone
		{17A2B97C-56EA-40B8-8901-5E0728876657}.AppStore|iPhoneSimulator.ActiveCfg = AppStore|iPhoneSimulator
		{17A2B97C-56EA-40B8-8901-5E0728876657}.AppStore|iPhoneSimulator.Build.0 = AppStore|iPhoneSimulator
		{17A2B97C-56EA-40B8-8901-5E0728876657}.AppStore|Mixed Platforms.ActiveCfg = AppStore|iPhone
		{17A2B97C-56EA-40B8-8901-5E0728876657}.AppStore|Mixed Platforms.Build.0 = AppStore|iPhone
		{17A2B97C-56EA-40B8-8901-5E0728876657}.AppStore|x64.ActiveCfg = AppStore|iPhone
		{17A2B97C-56EA-40B8-8901-5E0728876657}.AppStore|x86.ActiveCfg = AppStore|iPhone
		{17A2B97C-56EA-40B8-8901-5E0728876657}.Debug|Any CPU.ActiveCfg = Debug|iPhone
		{17A2B97C-56EA-40B8-8901-5E0728876657}.Debug|ARM.ActiveCfg = Debug|iPhone
		{17A2B97C-56EA-40B8-8901-5E0728876657}.Debug|iPhone.ActiveCfg = Debug|iPhone
		{17A2B97C-56EA-40B8-8901-5E0728876657}.Debug|iPhone.Build.0 = Debug|iPhone
		{17A2B97C-56EA-40B8-8901-5E0728876657}.Debug|iPhoneSimulator.ActiveCfg = Debug|iPhoneSimulator
		{17A2B97C-56EA-40B8-8901-5E0728876657}.Debug|iPhoneSimulator.Build.0 = Debug|iPhoneSimulator
		{17A2B97C-56EA-40B8-8901-5E0728876657}.Debug|Mixed Platforms.ActiveCfg = Debug|iPhone
		{17A2B97C-56EA-40B8-8901-5E0728876657}.Debug|Mixed Platforms.Build.0 = Debug|iPhone
		{17A2B97C-56EA-40B8-8901-5E0728876657}.Debug|x64.ActiveCfg = Debug|iPhone
		{17A2B97C-56EA-40B8-8901-5E0728876657}.Debug|x86.ActiveCfg = Debug|iPhone
		{17A2B97C-56EA-40B8-8901-5E0728876657}.Release|Any CPU.ActiveCfg = Release|iPhone
		{17A2B97C-56EA-40B8-8901-5E0728876657}.Release|ARM.ActiveCfg = Release|iPhone
		{17A2B97C-56EA-40B8-8901-5E0728876657}.Release|iPhone.ActiveCfg = Release|iPhone
		{17A2B97C-56EA-40B8-8901-5E0728876657}.Release|iPhone.Build.0 = Release|iPhone
		{17A2B97C-56EA-40B8-8901-5E0728876657}.Release|iPhoneSimulator.ActiveCfg = Release|iPhoneSimulator
		{17A2B97C-56EA-40B8-8901-5E0728876657}.Release|iPhoneSimulator.Build.0 = Release|iPhoneSimulator
		{17A2B97C-56EA-40B8-8901-5E0728876657}.Release|Mixed Platforms.ActiveCfg = Release|iPhone
		{17A2B97C-56EA-40B8-8901-5E0728876657}.Release|Mixed Platforms.Build.0 = Release|iPhone
		{17A2B97C-56EA-40B8-8901-5E0728876657}.Release|x64.ActiveCfg = Release|iPhone
		{17A2B97C-56EA-40B8-8901-5E0728876657}.Release|x86.ActiveCfg = Release|iPhone
		{B0040786-1AB0-4FD6-93D2-E5BA330FB4BC}.Ad-Hoc|Any CPU.ActiveCfg = Release|x86
		{B0040786-1AB0-4FD6-93D2-E5BA330FB4BC}.Ad-Hoc|Any CPU.Build.0 = Release|x86
		{B0040786-1AB0-4FD6-93D2-E5BA330FB4BC}.Ad-Hoc|Any CPU.Deploy.0 = Release|x86
		{B0040786-1AB0-4FD6-93D2-E5BA330FB4BC}.Ad-Hoc|ARM.ActiveCfg = Release|ARM
		{B0040786-1AB0-4FD6-93D2-E5BA330FB4BC}.Ad-Hoc|ARM.Build.0 = Release|ARM
		{B0040786-1AB0-4FD6-93D2-E5BA330FB4BC}.Ad-Hoc|ARM.Deploy.0 = Release|ARM
		{B0040786-1AB0-4FD6-93D2-E5BA330FB4BC}.Ad-Hoc|iPhone.ActiveCfg = Release|x86
		{B0040786-1AB0-4FD6-93D2-E5BA330FB4BC}.Ad-Hoc|iPhone.Build.0 = Release|x86
		{B0040786-1AB0-4FD6-93D2-E5BA330FB4BC}.Ad-Hoc|iPhone.Deploy.0 = Release|x86
		{B0040786-1AB0-4FD6-93D2-E5BA330FB4BC}.Ad-Hoc|iPhoneSimulator.ActiveCfg = Release|x86
		{B0040786-1AB0-4FD6-93D2-E5BA330FB4BC}.Ad-Hoc|iPhoneSimulator.Build.0 = Release|x86
		{B0040786-1AB0-4FD6-93D2-E5BA330FB4BC}.Ad-Hoc|iPhoneSimulator.Deploy.0 = Release|x86
		{B0040786-1AB0-4FD6-93D2-E5BA330FB4BC}.Ad-Hoc|Mixed Platforms.ActiveCfg = Release|x86
		{B0040786-1AB0-4FD6-93D2-E5BA330FB4BC}.Ad-Hoc|Mixed Platforms.Build.0 = Release|x86
		{B0040786-1AB0-4FD6-93D2-E5BA330FB4BC}.Ad-Hoc|Mixed Platforms.Deploy.0 = Release|x86
		{B0040786-1AB0-4FD6-93D2-E5BA330FB4BC}.Ad-Hoc|x64.ActiveCfg = Release|x64
		{B0040786-1AB0-4FD6-93D2-E5BA330FB4BC}.Ad-Hoc|x64.Build.0 = Release|x64
		{B0040786-1AB0-4FD6-93D2-E5BA330FB4BC}.Ad-Hoc|x64.Deploy.0 = Release|x64
		{B0040786-1AB0-4FD6-93D2-E5BA330FB4BC}.Ad-Hoc|x86.ActiveCfg = Release|x86
		{B0040786-1AB0-4FD6-93D2-E5BA330FB4BC}.Ad-Hoc|x86.Build.0 = Release|x86
		{B0040786-1AB0-4FD6-93D2-E5BA330FB4BC}.Ad-Hoc|x86.Deploy.0 = Release|x86
		{B0040786-1AB0-4FD6-93D2-E5BA330FB4BC}.AppStore|Any CPU.ActiveCfg = Release|x86
		{B0040786-1AB0-4FD6-93D2-E5BA330FB4BC}.AppStore|Any CPU.Build.0 = Release|x86
		{B0040786-1AB0-4FD6-93D2-E5BA330FB4BC}.AppStore|Any CPU.Deploy.0 = Release|x86
		{B0040786-1AB0-4FD6-93D2-E5BA330FB4BC}.AppStore|ARM.ActiveCfg = Release|ARM
		{B0040786-1AB0-4FD6-93D2-E5BA330FB4BC}.AppStore|ARM.Build.0 = Release|ARM
		{B0040786-1AB0-4FD6-93D2-E5BA330FB4BC}.AppStore|ARM.Deploy.0 = Release|ARM
		{B0040786-1AB0-4FD6-93D2-E5BA330FB4BC}.AppStore|iPhone.ActiveCfg = Release|x86
		{B0040786-1AB0-4FD6-93D2-E5BA330FB4BC}.AppStore|iPhone.Build.0 = Release|x86
		{B0040786-1AB0-4FD6-93D2-E5BA330FB4BC}.AppStore|iPhone.Deploy.0 = Release|x86
		{B0040786-1AB0-4FD6-93D2-E5BA330FB4BC}.AppStore|iPhoneSimulator.ActiveCfg = Release|x86
		{B0040786-1AB0-4FD6-93D2-E5BA330FB4BC}.AppStore|iPhoneSimulator.Build.0 = Release|x86
		{B0040786-1AB0-4FD6-93D2-E5BA330FB4BC}.AppStore|iPhoneSimulator.Deploy.0 = Release|x86
		{B0040786-1AB0-4FD6-93D2-E5BA330FB4BC}.AppStore|Mixed Platforms.ActiveCfg = Release|x86
		{B0040786-1AB0-4FD6-93D2-E5BA330FB4BC}.AppStore|Mixed Platforms.Build.0 = Release|x86
		{B0040786-1AB0-4FD6-93D2-E5BA330FB4BC}.AppStore|Mixed Platforms.Deploy.0 = Release|x86
		{B0040786-1AB0-4FD6-93D2-E5BA330FB4BC}.AppStore|x64.ActiveCfg = Release|x64
		{B0040786-1AB0-4FD6-93D2-E5BA330FB4BC}.AppStore|x64.Build.0 = Release|x64
		{B0040786-1AB0-4FD6-93D2-E5BA330FB4BC}.AppStore|x64.Deploy.0 = Release|x64
		{B0040786-1AB0-4FD6-93D2-E5BA330FB4BC}.AppStore|x86.ActiveCfg = Release|x86
		{B0040786-1AB0-4FD6-93D2-E5BA330FB4BC}.AppStore|x86.Build.0 = Release|x86
		{B0040786-1AB0-4FD6-93D2-E5BA330FB4BC}.AppStore|x86.Deploy.0 = Release|x86
		{B0040786-1AB0-4FD6-93D2-E5BA330FB4BC}.Debug|Any CPU.ActiveCfg = Debug|x86
		{B0040786-1AB0-4FD6-93D2-E5BA330FB4BC}.Debug|ARM.ActiveCfg = Debug|ARM
		{B0040786-1AB0-4FD6-93D2-E5BA330FB4BC}.Debug|ARM.Build.0 = Debug|ARM
		{B0040786-1AB0-4FD6-93D2-E5BA330FB4BC}.Debug|ARM.Deploy.0 = Debug|ARM
		{B0040786-1AB0-4FD6-93D2-E5BA330FB4BC}.Debug|iPhone.ActiveCfg = Debug|x86
		{B0040786-1AB0-4FD6-93D2-E5BA330FB4BC}.Debug|iPhoneSimulator.ActiveCfg = Debug|x86
		{B0040786-1AB0-4FD6-93D2-E5BA330FB4BC}.Debug|Mixed Platforms.ActiveCfg = Debug|x86
		{B0040786-1AB0-4FD6-93D2-E5BA330FB4BC}.Debug|Mixed Platforms.Build.0 = Debug|x86
		{B0040786-1AB0-4FD6-93D2-E5BA330FB4BC}.Debug|Mixed Platforms.Deploy.0 = Debug|x86
		{B0040786-1AB0-4FD6-93D2-E5BA330FB4BC}.Debug|x64.ActiveCfg = Debug|x64
		{B0040786-1AB0-4FD6-93D2-E5BA330FB4BC}.Debug|x64.Build.0 = Debug|x64
		{B0040786-1AB0-4FD6-93D2-E5BA330FB4BC}.Debug|x64.Deploy.0 = Debug|x64
		{B0040786-1AB0-4FD6-93D2-E5BA330FB4BC}.Debug|x86.ActiveCfg = Debug|x86
		{B0040786-1AB0-4FD6-93D2-E5BA330FB4BC}.Debug|x86.Build.0 = Debug|x86
		{B0040786-1AB0-4FD6-93D2-E5BA330FB4BC}.Debug|x86.Deploy.0 = Debug|x86
		{B0040786-1AB0-4FD6-93D2-E5BA330FB4BC}.Release|Any CPU.ActiveCfg = Release|x86
		{B0040786-1AB0-4FD6-93D2-E5BA330FB4BC}.Release|ARM.ActiveCfg = Release|ARM
		{B0040786-1AB0-4FD6-93D2-E5BA330FB4BC}.Release|ARM.Build.0 = Release|ARM
		{B0040786-1AB0-4FD6-93D2-E5BA330FB4BC}.Release|ARM.Deploy.0 = Release|ARM
		{B0040786-1AB0-4FD6-93D2-E5BA330FB4BC}.Release|iPhone.ActiveCfg = Release|x86
		{B0040786-1AB0-4FD6-93D2-E5BA330FB4BC}.Release|iPhoneSimulator.ActiveCfg = Release|x86
		{B0040786-1AB0-4FD6-93D2-E5BA330FB4BC}.Release|Mixed Platforms.ActiveCfg = Release|x86
		{B0040786-1AB0-4FD6-93D2-E5BA330FB4BC}.Release|Mixed Platforms.Build.0 = Release|x86
		{B0040786-1AB0-4FD6-93D2-E5BA330FB4BC}.Release|Mixed Platforms.Deploy.0 = Release|x86
		{B0040786-1AB0-4FD6-93D2-E5BA330FB4BC}.Release|x64.ActiveCfg = Release|x64
		{B0040786-1AB0-4FD6-93D2-E5BA330FB4BC}.Release|x64.Build.0 = Release|x64
		{B0040786-1AB0-4FD6-93D2-E5BA330FB4BC}.Release|x64.Deploy.0 = Release|x64
		{B0040786-1AB0-4FD6-93D2-E5BA330FB4BC}.Release|x86.ActiveCfg = Release|x86
		{B0040786-1AB0-4FD6-93D2-E5BA330FB4BC}.Release|x86.Build.0 = Release|x86
		{B0040786-1AB0-4FD6-93D2-E5BA330FB4BC}.Release|x86.Deploy.0 = Release|x86
	EndGlobalSection
	GlobalSection(SolutionProperties) = preSolution
		HideSolutionNode = FALSE
	EndGlobalSection
	GlobalSection(NestedProjects) = preSolution
		{A9479AD9-EE64-4590-927C-FFDC13AC7C70} = {B3AE763A-DC9C-4F5D-B5F0-97A1B10D147B}
		{AF293652-BAA0-4813-B4F3-2D5A2CDDE0B4} = {040381B1-C9E8-4D7C-8A60-EF4C343C7374}
		{FEC118A7-A5B1-4058-898E-2DE513708A07} = {040381B1-C9E8-4D7C-8A60-EF4C343C7374}
		{17A2B97C-56EA-40B8-8901-5E0728876657} = {040381B1-C9E8-4D7C-8A60-EF4C343C7374}
		{B0040786-1AB0-4FD6-93D2-E5BA330FB4BC} = {040381B1-C9E8-4D7C-8A60-EF4C343C7374}
	EndGlobalSection
	GlobalSection(ExtensibilityGlobals) = postSolution
		SolutionGuid = {3AEEC270-D641-4F52-BEB0-DAAF90328CED}
	EndGlobalSection
EndGlobal
