
Microsoft Visual Studio Solution File, Format Version 12.00
# Visual Studio 14
VisualStudioVersion = 14.0.25029.0
MinimumVisualStudioVersion = 10.0.40219.1
Project("{2150E333-8FDC-42A3-9474-1A3956D46DE8}") = "src", "src", "{6B0F38C9-7CEE-4181-A47A-D9F4C626E618}"
EndProject
Project("{2150E333-8FDC-42A3-9474-1A3956D46DE8}") = "test", "test", "{88D90D4D-7706-4419-8177-C21123947D78}"
EndProject
Project("{2150E333-8FDC-42A3-9474-1A3956D46DE8}") = "Misc", "Misc", "{E3B9769B-D056-49F0-A6A5-03EC36DE48F8}"
	ProjectSection(SolutionItems) = preProject
		.gitattributes = .gitattributes
		.gitignore = .gitignore
		README.md = README.md
	EndProjectSection
EndProject
Project("{2150E333-8FDC-42A3-9474-1A3956D46DE8}") = "NuGet", "NuGet", "{98950ECA-3A16-4A7C-9E82-03EEB81EBDB3}"
	ProjectSection(SolutionItems) = preProject
		src\xunit.extensions.uitest.nuspec = src\xunit.extensions.uitest.nuspec
	EndProjectSection
EndProject
Project("{D954291E-2A0B-460D-934E-DC6B0785DB48}") = "xunit.extensions.uitest", "src\xunit.extensions.uitest\xunit.extensions.uitest.shproj", "{3A17F1E8-2DF8-4C6D-BF9C-C9DFA2B149A0}"
EndProject
Project("{FAE04EC0-301F-11D3-BF4B-00C04F79EFBC}") = "xunit.extensions.uitesst.uwp", "src\xunit.extensions.uitest.uwp\xunit.extensions.uitesst.uwp.csproj", "{8D14B08F-B43B-49C7-87C0-2E0B37CC456A}"
EndProject
Project("{FAE04EC0-301F-11D3-BF4B-00C04F79EFBC}") = "test.xunit.extensions.uitest.uwp", "test\test.xunit.extensions.uitest.uwp\test.xunit.extensions.uitest.uwp.csproj", "{9BB35FDE-DF6C-4E6A-AD45-3FA1F3553CEB}"
EndProject
Project("{FAE04EC0-301F-11D3-BF4B-00C04F79EFBC}") = "test.xunit.extensions.uitest.uwp.runner", "test\test.xunit.extensions.uitest.uwp.runner\test.xunit.extensions.uitest.uwp.runner.csproj", "{CCA2772D-2E6D-49FF-90E8-E055EEC623B5}"
EndProject
Project("{FAE04EC0-301F-11D3-BF4B-00C04F79EFBC}") = "xunit.extensions.uitest.android", "src\xunit.extensions.uitest.android\xunit.extensions.uitest.android.csproj", "{7D3B830C-38AA-4856-A921-4A2FA778986A}"
EndProject
Project("{FAE04EC0-301F-11D3-BF4B-00C04F79EFBC}") = "xunit.extensions.uitest.ios", "src\xunit.extensions.uitest.ios\xunit.extensions.uitest.ios.csproj", "{4DF31B35-D5AB-4993-88E3-59606C5FCE01}"
EndProject
Project("{FAE04EC0-301F-11D3-BF4B-00C04F79EFBC}") = "xunit.extensions.uitest.wp8", "src\xunit.extensions.uitest.wp8\xunit.extensions.uitest.wp8.csproj", "{A5126F5F-791F-4B25-8FC6-F4A426D217D9}"
EndProject
Project("{FAE04EC0-301F-11D3-BF4B-00C04F79EFBC}") = "xunit.extensions.uitest.win81-wpa81", "src\xunit.extensions.uitest.win81-wpa81\xunit.extensions.uitest.win81-wpa81.csproj", "{E4651F2A-74F4-4A29-9A55-DB8840972A4D}"
EndProject
Global
	GlobalSection(SharedMSBuildProjectFiles) = preSolution
		src\xunit.extensions.uitest\xunit.extensions.uitest.projitems*{4df31b35-d5ab-4993-88e3-59606c5fce01}*SharedItemsImports = 4
		src\xunit.extensions.uitest\xunit.extensions.uitest.projitems*{3a17f1e8-2df8-4c6d-bf9c-c9dfa2b149a0}*SharedItemsImports = 13
		src\xunit.extensions.uitest\xunit.extensions.uitest.projitems*{7d3b830c-38aa-4856-a921-4a2fa778986a}*SharedItemsImports = 4
		src\xunit.extensions.uitest\xunit.extensions.uitest.projitems*{8d14b08f-b43b-49c7-87c0-2e0b37cc456a}*SharedItemsImports = 4
		src\xunit.extensions.uitest\xunit.extensions.uitest.projitems*{a5126f5f-791f-4b25-8fc6-f4a426d217d9}*SharedItemsImports = 4
		src\xunit.extensions.uitest\xunit.extensions.uitest.projitems*{e4651f2a-74f4-4a29-9a55-db8840972a4d}*SharedItemsImports = 4
	EndGlobalSection
	GlobalSection(SolutionConfigurationPlatforms) = preSolution
		AppStore|Any CPU = AppStore|Any CPU
		AppStore|ARM = AppStore|ARM
		AppStore|iPhone = AppStore|iPhone
		AppStore|iPhoneSimulator = AppStore|iPhoneSimulator
		AppStore|Mixed Platforms = AppStore|Mixed Platforms
		AppStore|x64 = AppStore|x64
		AppStore|x86 = AppStore|x86
		Debug .NET Native|Any CPU = Debug .NET Native|Any CPU
		Debug .NET Native|ARM = Debug .NET Native|ARM
		Debug .NET Native|iPhone = Debug .NET Native|iPhone
		Debug .NET Native|iPhoneSimulator = Debug .NET Native|iPhoneSimulator
		Debug .NET Native|Mixed Platforms = Debug .NET Native|Mixed Platforms
		Debug .NET Native|x64 = Debug .NET Native|x64
		Debug .NET Native|x86 = Debug .NET Native|x86
		Debug|Any CPU = Debug|Any CPU
		Debug|ARM = Debug|ARM
		Debug|iPhone = Debug|iPhone
		Debug|iPhoneSimulator = Debug|iPhoneSimulator
		Debug|Mixed Platforms = Debug|Mixed Platforms
		Debug|x64 = Debug|x64
		Debug|x86 = Debug|x86
		Release|Any CPU = Release|Any CPU
		Release|ARM = Release|ARM
		Release|iPhone = Release|iPhone
		Release|iPhoneSimulator = Release|iPhoneSimulator
		Release|Mixed Platforms = Release|Mixed Platforms
		Release|x64 = Release|x64
		Release|x86 = Release|x86
	EndGlobalSection
	GlobalSection(ProjectConfigurationPlatforms) = postSolution
		{8D14B08F-B43B-49C7-87C0-2E0B37CC456A}.AppStore|Any CPU.ActiveCfg = Release|Any CPU
		{8D14B08F-B43B-49C7-87C0-2E0B37CC456A}.AppStore|Any CPU.Build.0 = Release|Any CPU
		{8D14B08F-B43B-49C7-87C0-2E0B37CC456A}.AppStore|ARM.ActiveCfg = Release|Any CPU
		{8D14B08F-B43B-49C7-87C0-2E0B37CC456A}.AppStore|ARM.Build.0 = Release|Any CPU
		{8D14B08F-B43B-49C7-87C0-2E0B37CC456A}.AppStore|iPhone.ActiveCfg = Release|Any CPU
		{8D14B08F-B43B-49C7-87C0-2E0B37CC456A}.AppStore|iPhone.Build.0 = Release|Any CPU
		{8D14B08F-B43B-49C7-87C0-2E0B37CC456A}.AppStore|iPhoneSimulator.ActiveCfg = Release|Any CPU
		{8D14B08F-B43B-49C7-87C0-2E0B37CC456A}.AppStore|iPhoneSimulator.Build.0 = Release|Any CPU
		{8D14B08F-B43B-49C7-87C0-2E0B37CC456A}.AppStore|Mixed Platforms.ActiveCfg = Release|Any CPU
		{8D14B08F-B43B-49C7-87C0-2E0B37CC456A}.AppStore|Mixed Platforms.Build.0 = Release|Any CPU
		{8D14B08F-B43B-49C7-87C0-2E0B37CC456A}.AppStore|x64.ActiveCfg = Release|Any CPU
		{8D14B08F-B43B-49C7-87C0-2E0B37CC456A}.AppStore|x64.Build.0 = Release|Any CPU
		{8D14B08F-B43B-49C7-87C0-2E0B37CC456A}.AppStore|x86.ActiveCfg = Release|Any CPU
		{8D14B08F-B43B-49C7-87C0-2E0B37CC456A}.AppStore|x86.Build.0 = Release|Any CPU
		{8D14B08F-B43B-49C7-87C0-2E0B37CC456A}.Debug .NET Native|Any CPU.ActiveCfg = Debug|Any CPU
		{8D14B08F-B43B-49C7-87C0-2E0B37CC456A}.Debug .NET Native|Any CPU.Build.0 = Debug|Any CPU
		{8D14B08F-B43B-49C7-87C0-2E0B37CC456A}.Debug .NET Native|ARM.ActiveCfg = Debug|Any CPU
		{8D14B08F-B43B-49C7-87C0-2E0B37CC456A}.Debug .NET Native|ARM.Build.0 = Debug|Any CPU
		{8D14B08F-B43B-49C7-87C0-2E0B37CC456A}.Debug .NET Native|iPhone.ActiveCfg = Debug|Any CPU
		{8D14B08F-B43B-49C7-87C0-2E0B37CC456A}.Debug .NET Native|iPhone.Build.0 = Debug|Any CPU
		{8D14B08F-B43B-49C7-87C0-2E0B37CC456A}.Debug .NET Native|iPhoneSimulator.ActiveCfg = Debug|Any CPU
		{8D14B08F-B43B-49C7-87C0-2E0B37CC456A}.Debug .NET Native|iPhoneSimulator.Build.0 = Debug|Any CPU
		{8D14B08F-B43B-49C7-87C0-2E0B37CC456A}.Debug .NET Native|Mixed Platforms.ActiveCfg = Debug|Any CPU
		{8D14B08F-B43B-49C7-87C0-2E0B37CC456A}.Debug .NET Native|Mixed Platforms.Build.0 = Debug|Any CPU
		{8D14B08F-B43B-49C7-87C0-2E0B37CC456A}.Debug .NET Native|x64.ActiveCfg = Debug|Any CPU
		{8D14B08F-B43B-49C7-87C0-2E0B37CC456A}.Debug .NET Native|x64.Build.0 = Debug|Any CPU
		{8D14B08F-B43B-49C7-87C0-2E0B37CC456A}.Debug .NET Native|x86.ActiveCfg = Debug|Any CPU
		{8D14B08F-B43B-49C7-87C0-2E0B37CC456A}.Debug .NET Native|x86.Build.0 = Debug|Any CPU
		{8D14B08F-B43B-49C7-87C0-2E0B37CC456A}.Debug|Any CPU.ActiveCfg = Debug|Any CPU
		{8D14B08F-B43B-49C7-87C0-2E0B37CC456A}.Debug|Any CPU.Build.0 = Debug|Any CPU
		{8D14B08F-B43B-49C7-87C0-2E0B37CC456A}.Debug|ARM.ActiveCfg = Debug|Any CPU
		{8D14B08F-B43B-49C7-87C0-2E0B37CC456A}.Debug|ARM.Build.0 = Debug|Any CPU
		{8D14B08F-B43B-49C7-87C0-2E0B37CC456A}.Debug|iPhone.ActiveCfg = Debug|Any CPU
		{8D14B08F-B43B-49C7-87C0-2E0B37CC456A}.Debug|iPhone.Build.0 = Debug|Any CPU
		{8D14B08F-B43B-49C7-87C0-2E0B37CC456A}.Debug|iPhoneSimulator.ActiveCfg = Debug|Any CPU
		{8D14B08F-B43B-49C7-87C0-2E0B37CC456A}.Debug|iPhoneSimulator.Build.0 = Debug|Any CPU
		{8D14B08F-B43B-49C7-87C0-2E0B37CC456A}.Debug|Mixed Platforms.ActiveCfg = Debug|Any CPU
		{8D14B08F-B43B-49C7-87C0-2E0B37CC456A}.Debug|Mixed Platforms.Build.0 = Debug|Any CPU
		{8D14B08F-B43B-49C7-87C0-2E0B37CC456A}.Debug|x64.ActiveCfg = Debug|Any CPU
		{8D14B08F-B43B-49C7-87C0-2E0B37CC456A}.Debug|x64.Build.0 = Debug|Any CPU
		{8D14B08F-B43B-49C7-87C0-2E0B37CC456A}.Debug|x86.ActiveCfg = Debug|Any CPU
		{8D14B08F-B43B-49C7-87C0-2E0B37CC456A}.Debug|x86.Build.0 = Debug|Any CPU
		{8D14B08F-B43B-49C7-87C0-2E0B37CC456A}.Release|Any CPU.ActiveCfg = Release|Any CPU
		{8D14B08F-B43B-49C7-87C0-2E0B37CC456A}.Release|Any CPU.Build.0 = Release|Any CPU
		{8D14B08F-B43B-49C7-87C0-2E0B37CC456A}.Release|ARM.ActiveCfg = Release|Any CPU
		{8D14B08F-B43B-49C7-87C0-2E0B37CC456A}.Release|ARM.Build.0 = Release|Any CPU
		{8D14B08F-B43B-49C7-87C0-2E0B37CC456A}.Release|iPhone.ActiveCfg = Release|Any CPU
		{8D14B08F-B43B-49C7-87C0-2E0B37CC456A}.Release|iPhone.Build.0 = Release|Any CPU
		{8D14B08F-B43B-49C7-87C0-2E0B37CC456A}.Release|iPhoneSimulator.ActiveCfg = Release|Any CPU
		{8D14B08F-B43B-49C7-87C0-2E0B37CC456A}.Release|iPhoneSimulator.Build.0 = Release|Any CPU
		{8D14B08F-B43B-49C7-87C0-2E0B37CC456A}.Release|Mixed Platforms.ActiveCfg = Release|Any CPU
		{8D14B08F-B43B-49C7-87C0-2E0B37CC456A}.Release|Mixed Platforms.Build.0 = Release|Any CPU
		{8D14B08F-B43B-49C7-87C0-2E0B37CC456A}.Release|x64.ActiveCfg = Release|Any CPU
		{8D14B08F-B43B-49C7-87C0-2E0B37CC456A}.Release|x64.Build.0 = Release|Any CPU
		{8D14B08F-B43B-49C7-87C0-2E0B37CC456A}.Release|x86.ActiveCfg = Release|Any CPU
		{8D14B08F-B43B-49C7-87C0-2E0B37CC456A}.Release|x86.Build.0 = Release|Any CPU
		{9BB35FDE-DF6C-4E6A-AD45-3FA1F3553CEB}.AppStore|Any CPU.ActiveCfg = Release|ARM
		{9BB35FDE-DF6C-4E6A-AD45-3FA1F3553CEB}.AppStore|Any CPU.Build.0 = Release|ARM
		{9BB35FDE-DF6C-4E6A-AD45-3FA1F3553CEB}.AppStore|Any CPU.Deploy.0 = Release|ARM
		{9BB35FDE-DF6C-4E6A-AD45-3FA1F3553CEB}.AppStore|ARM.ActiveCfg = Release|ARM
		{9BB35FDE-DF6C-4E6A-AD45-3FA1F3553CEB}.AppStore|ARM.Build.0 = Release|ARM
		{9BB35FDE-DF6C-4E6A-AD45-3FA1F3553CEB}.AppStore|ARM.Deploy.0 = Release|ARM
		{9BB35FDE-DF6C-4E6A-AD45-3FA1F3553CEB}.AppStore|iPhone.ActiveCfg = Release|ARM
		{9BB35FDE-DF6C-4E6A-AD45-3FA1F3553CEB}.AppStore|iPhone.Build.0 = Release|ARM
		{9BB35FDE-DF6C-4E6A-AD45-3FA1F3553CEB}.AppStore|iPhone.Deploy.0 = Release|ARM
		{9BB35FDE-DF6C-4E6A-AD45-3FA1F3553CEB}.AppStore|iPhoneSimulator.ActiveCfg = Release|ARM
		{9BB35FDE-DF6C-4E6A-AD45-3FA1F3553CEB}.AppStore|iPhoneSimulator.Build.0 = Release|ARM
		{9BB35FDE-DF6C-4E6A-AD45-3FA1F3553CEB}.AppStore|iPhoneSimulator.Deploy.0 = Release|ARM
		{9BB35FDE-DF6C-4E6A-AD45-3FA1F3553CEB}.AppStore|Mixed Platforms.ActiveCfg = Release|x86
		{9BB35FDE-DF6C-4E6A-AD45-3FA1F3553CEB}.AppStore|Mixed Platforms.Build.0 = Release|x86
		{9BB35FDE-DF6C-4E6A-AD45-3FA1F3553CEB}.AppStore|Mixed Platforms.Deploy.0 = Release|x86
		{9BB35FDE-DF6C-4E6A-AD45-3FA1F3553CEB}.AppStore|x64.ActiveCfg = Debug|x64
		{9BB35FDE-DF6C-4E6A-AD45-3FA1F3553CEB}.AppStore|x64.Build.0 = Debug|x64
		{9BB35FDE-DF6C-4E6A-AD45-3FA1F3553CEB}.AppStore|x64.Deploy.0 = Debug|x64
		{9BB35FDE-DF6C-4E6A-AD45-3FA1F3553CEB}.AppStore|x86.ActiveCfg = Release|x86
		{9BB35FDE-DF6C-4E6A-AD45-3FA1F3553CEB}.AppStore|x86.Build.0 = Release|x86
		{9BB35FDE-DF6C-4E6A-AD45-3FA1F3553CEB}.AppStore|x86.Deploy.0 = Release|x86
		{9BB35FDE-DF6C-4E6A-AD45-3FA1F3553CEB}.Debug .NET Native|Any CPU.ActiveCfg = Release|x64
		{9BB35FDE-DF6C-4E6A-AD45-3FA1F3553CEB}.Debug .NET Native|Any CPU.Build.0 = Release|x64
		{9BB35FDE-DF6C-4E6A-AD45-3FA1F3553CEB}.Debug .NET Native|Any CPU.Deploy.0 = Release|x64
		{9BB35FDE-DF6C-4E6A-AD45-3FA1F3553CEB}.Debug .NET Native|ARM.ActiveCfg = Debug|ARM
		{9BB35FDE-DF6C-4E6A-AD45-3FA1F3553CEB}.Debug .NET Native|ARM.Build.0 = Debug|ARM
		{9BB35FDE-DF6C-4E6A-AD45-3FA1F3553CEB}.Debug .NET Native|ARM.Deploy.0 = Debug|ARM
		{9BB35FDE-DF6C-4E6A-AD45-3FA1F3553CEB}.Debug .NET Native|iPhone.ActiveCfg = Release|x64
		{9BB35FDE-DF6C-4E6A-AD45-3FA1F3553CEB}.Debug .NET Native|iPhone.Build.0 = Release|x64
		{9BB35FDE-DF6C-4E6A-AD45-3FA1F3553CEB}.Debug .NET Native|iPhone.Deploy.0 = Release|x64
		{9BB35FDE-DF6C-4E6A-AD45-3FA1F3553CEB}.Debug .NET Native|iPhoneSimulator.ActiveCfg = Release|x64
		{9BB35FDE-DF6C-4E6A-AD45-3FA1F3553CEB}.Debug .NET Native|iPhoneSimulator.Build.0 = Release|x64
		{9BB35FDE-DF6C-4E6A-AD45-3FA1F3553CEB}.Debug .NET Native|iPhoneSimulator.Deploy.0 = Release|x64
		{9BB35FDE-DF6C-4E6A-AD45-3FA1F3553CEB}.Debug .NET Native|Mixed Platforms.ActiveCfg = Debug|x86
		{9BB35FDE-DF6C-4E6A-AD45-3FA1F3553CEB}.Debug .NET Native|Mixed Platforms.Build.0 = Debug|x86
		{9BB35FDE-DF6C-4E6A-AD45-3FA1F3553CEB}.Debug .NET Native|Mixed Platforms.Deploy.0 = Debug|x86
		{9BB35FDE-DF6C-4E6A-AD45-3FA1F3553CEB}.Debug .NET Native|x64.ActiveCfg = Debug|x64
		{9BB35FDE-DF6C-4E6A-AD45-3FA1F3553CEB}.Debug .NET Native|x64.Build.0 = Debug|x64
		{9BB35FDE-DF6C-4E6A-AD45-3FA1F3553CEB}.Debug .NET Native|x64.Deploy.0 = Debug|x64
		{9BB35FDE-DF6C-4E6A-AD45-3FA1F3553CEB}.Debug .NET Native|x86.ActiveCfg = Debug|x86
		{9BB35FDE-DF6C-4E6A-AD45-3FA1F3553CEB}.Debug .NET Native|x86.Build.0 = Debug|x86
		{9BB35FDE-DF6C-4E6A-AD45-3FA1F3553CEB}.Debug .NET Native|x86.Deploy.0 = Debug|x86
		{9BB35FDE-DF6C-4E6A-AD45-3FA1F3553CEB}.Debug|Any CPU.ActiveCfg = Debug|x86
		{9BB35FDE-DF6C-4E6A-AD45-3FA1F3553CEB}.Debug|ARM.ActiveCfg = Debug|ARM
		{9BB35FDE-DF6C-4E6A-AD45-3FA1F3553CEB}.Debug|ARM.Build.0 = Debug|ARM
		{9BB35FDE-DF6C-4E6A-AD45-3FA1F3553CEB}.Debug|ARM.Deploy.0 = Debug|ARM
		{9BB35FDE-DF6C-4E6A-AD45-3FA1F3553CEB}.Debug|iPhone.ActiveCfg = Debug|x86
		{9BB35FDE-DF6C-4E6A-AD45-3FA1F3553CEB}.Debug|iPhoneSimulator.ActiveCfg = Debug|x86
		{9BB35FDE-DF6C-4E6A-AD45-3FA1F3553CEB}.Debug|Mixed Platforms.ActiveCfg = Debug|x86
		{9BB35FDE-DF6C-4E6A-AD45-3FA1F3553CEB}.Debug|Mixed Platforms.Build.0 = Debug|x86
		{9BB35FDE-DF6C-4E6A-AD45-3FA1F3553CEB}.Debug|Mixed Platforms.Deploy.0 = Debug|x86
		{9BB35FDE-DF6C-4E6A-AD45-3FA1F3553CEB}.Debug|x64.ActiveCfg = Debug|x64
		{9BB35FDE-DF6C-4E6A-AD45-3FA1F3553CEB}.Debug|x64.Build.0 = Debug|x64
		{9BB35FDE-DF6C-4E6A-AD45-3FA1F3553CEB}.Debug|x64.Deploy.0 = Debug|x64
		{9BB35FDE-DF6C-4E6A-AD45-3FA1F3553CEB}.Debug|x86.ActiveCfg = Debug|x86
		{9BB35FDE-DF6C-4E6A-AD45-3FA1F3553CEB}.Debug|x86.Build.0 = Debug|x86
		{9BB35FDE-DF6C-4E6A-AD45-3FA1F3553CEB}.Debug|x86.Deploy.0 = Debug|x86
		{9BB35FDE-DF6C-4E6A-AD45-3FA1F3553CEB}.Release|Any CPU.ActiveCfg = Release|x86
		{9BB35FDE-DF6C-4E6A-AD45-3FA1F3553CEB}.Release|ARM.ActiveCfg = Release|ARM
		{9BB35FDE-DF6C-4E6A-AD45-3FA1F3553CEB}.Release|ARM.Build.0 = Release|ARM
		{9BB35FDE-DF6C-4E6A-AD45-3FA1F3553CEB}.Release|ARM.Deploy.0 = Release|ARM
		{9BB35FDE-DF6C-4E6A-AD45-3FA1F3553CEB}.Release|iPhone.ActiveCfg = Release|x86
		{9BB35FDE-DF6C-4E6A-AD45-3FA1F3553CEB}.Release|iPhoneSimulator.ActiveCfg = Release|x86
		{9BB35FDE-DF6C-4E6A-AD45-3FA1F3553CEB}.Release|Mixed Platforms.ActiveCfg = Release|x86
		{9BB35FDE-DF6C-4E6A-AD45-3FA1F3553CEB}.Release|Mixed Platforms.Build.0 = Release|x86
		{9BB35FDE-DF6C-4E6A-AD45-3FA1F3553CEB}.Release|Mixed Platforms.Deploy.0 = Release|x86
		{9BB35FDE-DF6C-4E6A-AD45-3FA1F3553CEB}.Release|x64.ActiveCfg = Release|x64
		{9BB35FDE-DF6C-4E6A-AD45-3FA1F3553CEB}.Release|x64.Build.0 = Release|x64
		{9BB35FDE-DF6C-4E6A-AD45-3FA1F3553CEB}.Release|x64.Deploy.0 = Release|x64
		{9BB35FDE-DF6C-4E6A-AD45-3FA1F3553CEB}.Release|x86.ActiveCfg = Release|x86
		{9BB35FDE-DF6C-4E6A-AD45-3FA1F3553CEB}.Release|x86.Build.0 = Release|x86
		{9BB35FDE-DF6C-4E6A-AD45-3FA1F3553CEB}.Release|x86.Deploy.0 = Release|x86
		{CCA2772D-2E6D-49FF-90E8-E055EEC623B5}.AppStore|Any CPU.ActiveCfg = Release|ARM
		{CCA2772D-2E6D-49FF-90E8-E055EEC623B5}.AppStore|Any CPU.Build.0 = Release|ARM
		{CCA2772D-2E6D-49FF-90E8-E055EEC623B5}.AppStore|Any CPU.Deploy.0 = Release|ARM
		{CCA2772D-2E6D-49FF-90E8-E055EEC623B5}.AppStore|ARM.ActiveCfg = Release|ARM
		{CCA2772D-2E6D-49FF-90E8-E055EEC623B5}.AppStore|ARM.Build.0 = Release|ARM
		{CCA2772D-2E6D-49FF-90E8-E055EEC623B5}.AppStore|ARM.Deploy.0 = Release|ARM
		{CCA2772D-2E6D-49FF-90E8-E055EEC623B5}.AppStore|iPhone.ActiveCfg = Release|ARM
		{CCA2772D-2E6D-49FF-90E8-E055EEC623B5}.AppStore|iPhone.Build.0 = Release|ARM
		{CCA2772D-2E6D-49FF-90E8-E055EEC623B5}.AppStore|iPhone.Deploy.0 = Release|ARM
		{CCA2772D-2E6D-49FF-90E8-E055EEC623B5}.AppStore|iPhoneSimulator.ActiveCfg = Release|ARM
		{CCA2772D-2E6D-49FF-90E8-E055EEC623B5}.AppStore|iPhoneSimulator.Build.0 = Release|ARM
		{CCA2772D-2E6D-49FF-90E8-E055EEC623B5}.AppStore|iPhoneSimulator.Deploy.0 = Release|ARM
		{CCA2772D-2E6D-49FF-90E8-E055EEC623B5}.AppStore|Mixed Platforms.ActiveCfg = Release|x86
		{CCA2772D-2E6D-49FF-90E8-E055EEC623B5}.AppStore|Mixed Platforms.Build.0 = Release|x86
		{CCA2772D-2E6D-49FF-90E8-E055EEC623B5}.AppStore|Mixed Platforms.Deploy.0 = Release|x86
		{CCA2772D-2E6D-49FF-90E8-E055EEC623B5}.AppStore|x64.ActiveCfg = Debug|x64
		{CCA2772D-2E6D-49FF-90E8-E055EEC623B5}.AppStore|x64.Build.0 = Debug|x64
		{CCA2772D-2E6D-49FF-90E8-E055EEC623B5}.AppStore|x64.Deploy.0 = Debug|x64
		{CCA2772D-2E6D-49FF-90E8-E055EEC623B5}.AppStore|x86.ActiveCfg = Release|x86
		{CCA2772D-2E6D-49FF-90E8-E055EEC623B5}.AppStore|x86.Build.0 = Release|x86
		{CCA2772D-2E6D-49FF-90E8-E055EEC623B5}.AppStore|x86.Deploy.0 = Release|x86
		{CCA2772D-2E6D-49FF-90E8-E055EEC623B5}.Debug .NET Native|Any CPU.ActiveCfg = Release|x64
		{CCA2772D-2E6D-49FF-90E8-E055EEC623B5}.Debug .NET Native|Any CPU.Build.0 = Release|x64
		{CCA2772D-2E6D-49FF-90E8-E055EEC623B5}.Debug .NET Native|Any CPU.Deploy.0 = Release|x64
		{CCA2772D-2E6D-49FF-90E8-E055EEC623B5}.Debug .NET Native|ARM.ActiveCfg = Debug|ARM
		{CCA2772D-2E6D-49FF-90E8-E055EEC623B5}.Debug .NET Native|ARM.Build.0 = Debug|ARM
		{CCA2772D-2E6D-49FF-90E8-E055EEC623B5}.Debug .NET Native|ARM.Deploy.0 = Debug|ARM
		{CCA2772D-2E6D-49FF-90E8-E055EEC623B5}.Debug .NET Native|iPhone.ActiveCfg = Release|x64
		{CCA2772D-2E6D-49FF-90E8-E055EEC623B5}.Debug .NET Native|iPhone.Build.0 = Release|x64
		{CCA2772D-2E6D-49FF-90E8-E055EEC623B5}.Debug .NET Native|iPhone.Deploy.0 = Release|x64
		{CCA2772D-2E6D-49FF-90E8-E055EEC623B5}.Debug .NET Native|iPhoneSimulator.ActiveCfg = Release|x64
		{CCA2772D-2E6D-49FF-90E8-E055EEC623B5}.Debug .NET Native|iPhoneSimulator.Build.0 = Release|x64
		{CCA2772D-2E6D-49FF-90E8-E055EEC623B5}.Debug .NET Native|iPhoneSimulator.Deploy.0 = Release|x64
		{CCA2772D-2E6D-49FF-90E8-E055EEC623B5}.Debug .NET Native|Mixed Platforms.ActiveCfg = Debug|x86
		{CCA2772D-2E6D-49FF-90E8-E055EEC623B5}.Debug .NET Native|Mixed Platforms.Build.0 = Debug|x86
		{CCA2772D-2E6D-49FF-90E8-E055EEC623B5}.Debug .NET Native|Mixed Platforms.Deploy.0 = Debug|x86
		{CCA2772D-2E6D-49FF-90E8-E055EEC623B5}.Debug .NET Native|x64.ActiveCfg = Debug|x64
		{CCA2772D-2E6D-49FF-90E8-E055EEC623B5}.Debug .NET Native|x64.Build.0 = Debug|x64
		{CCA2772D-2E6D-49FF-90E8-E055EEC623B5}.Debug .NET Native|x64.Deploy.0 = Debug|x64
		{CCA2772D-2E6D-49FF-90E8-E055EEC623B5}.Debug .NET Native|x86.ActiveCfg = Debug|x86
		{CCA2772D-2E6D-49FF-90E8-E055EEC623B5}.Debug .NET Native|x86.Build.0 = Debug|x86
		{CCA2772D-2E6D-49FF-90E8-E055EEC623B5}.Debug .NET Native|x86.Deploy.0 = Debug|x86
		{CCA2772D-2E6D-49FF-90E8-E055EEC623B5}.Debug|Any CPU.ActiveCfg = Debug|x86
		{CCA2772D-2E6D-49FF-90E8-E055EEC623B5}.Debug|ARM.ActiveCfg = Debug|ARM
		{CCA2772D-2E6D-49FF-90E8-E055EEC623B5}.Debug|ARM.Build.0 = Debug|ARM
		{CCA2772D-2E6D-49FF-90E8-E055EEC623B5}.Debug|ARM.Deploy.0 = Debug|ARM
		{CCA2772D-2E6D-49FF-90E8-E055EEC623B5}.Debug|iPhone.ActiveCfg = Debug|x86
		{CCA2772D-2E6D-49FF-90E8-E055EEC623B5}.Debug|iPhoneSimulator.ActiveCfg = Debug|x86
		{CCA2772D-2E6D-49FF-90E8-E055EEC623B5}.Debug|Mixed Platforms.ActiveCfg = Debug|x86
		{CCA2772D-2E6D-49FF-90E8-E055EEC623B5}.Debug|Mixed Platforms.Build.0 = Debug|x86
		{CCA2772D-2E6D-49FF-90E8-E055EEC623B5}.Debug|Mixed Platforms.Deploy.0 = Debug|x86
		{CCA2772D-2E6D-49FF-90E8-E055EEC623B5}.Debug|x64.ActiveCfg = Debug|x64
		{CCA2772D-2E6D-49FF-90E8-E055EEC623B5}.Debug|x64.Build.0 = Debug|x64
		{CCA2772D-2E6D-49FF-90E8-E055EEC623B5}.Debug|x64.Deploy.0 = Debug|x64
		{CCA2772D-2E6D-49FF-90E8-E055EEC623B5}.Debug|x86.ActiveCfg = Debug|x86
		{CCA2772D-2E6D-49FF-90E8-E055EEC623B5}.Debug|x86.Build.0 = Debug|x86
		{CCA2772D-2E6D-49FF-90E8-E055EEC623B5}.Debug|x86.Deploy.0 = Debug|x86
		{CCA2772D-2E6D-49FF-90E8-E055EEC623B5}.Release|Any CPU.ActiveCfg = Release|x86
		{CCA2772D-2E6D-49FF-90E8-E055EEC623B5}.Release|ARM.ActiveCfg = Release|ARM
		{CCA2772D-2E6D-49FF-90E8-E055EEC623B5}.Release|ARM.Build.0 = Release|ARM
		{CCA2772D-2E6D-49FF-90E8-E055EEC623B5}.Release|ARM.Deploy.0 = Release|ARM
		{CCA2772D-2E6D-49FF-90E8-E055EEC623B5}.Release|iPhone.ActiveCfg = Release|x86
		{CCA2772D-2E6D-49FF-90E8-E055EEC623B5}.Release|iPhoneSimulator.ActiveCfg = Release|x86
		{CCA2772D-2E6D-49FF-90E8-E055EEC623B5}.Release|Mixed Platforms.ActiveCfg = Release|x86
		{CCA2772D-2E6D-49FF-90E8-E055EEC623B5}.Release|Mixed Platforms.Build.0 = Release|x86
		{CCA2772D-2E6D-49FF-90E8-E055EEC623B5}.Release|Mixed Platforms.Deploy.0 = Release|x86
		{CCA2772D-2E6D-49FF-90E8-E055EEC623B5}.Release|x64.ActiveCfg = Release|x64
		{CCA2772D-2E6D-49FF-90E8-E055EEC623B5}.Release|x64.Build.0 = Release|x64
		{CCA2772D-2E6D-49FF-90E8-E055EEC623B5}.Release|x64.Deploy.0 = Release|x64
		{CCA2772D-2E6D-49FF-90E8-E055EEC623B5}.Release|x86.ActiveCfg = Release|x86
		{CCA2772D-2E6D-49FF-90E8-E055EEC623B5}.Release|x86.Build.0 = Release|x86
		{CCA2772D-2E6D-49FF-90E8-E055EEC623B5}.Release|x86.Deploy.0 = Release|x86
		{7D3B830C-38AA-4856-A921-4A2FA778986A}.AppStore|Any CPU.ActiveCfg = Release|Any CPU
		{7D3B830C-38AA-4856-A921-4A2FA778986A}.AppStore|Any CPU.Build.0 = Release|Any CPU
		{7D3B830C-38AA-4856-A921-4A2FA778986A}.AppStore|ARM.ActiveCfg = Release|Any CPU
		{7D3B830C-38AA-4856-A921-4A2FA778986A}.AppStore|ARM.Build.0 = Release|Any CPU
		{7D3B830C-38AA-4856-A921-4A2FA778986A}.AppStore|iPhone.ActiveCfg = Release|Any CPU
		{7D3B830C-38AA-4856-A921-4A2FA778986A}.AppStore|iPhone.Build.0 = Release|Any CPU
		{7D3B830C-38AA-4856-A921-4A2FA778986A}.AppStore|iPhoneSimulator.ActiveCfg = Release|Any CPU
		{7D3B830C-38AA-4856-A921-4A2FA778986A}.AppStore|iPhoneSimulator.Build.0 = Release|Any CPU
		{7D3B830C-38AA-4856-A921-4A2FA778986A}.AppStore|Mixed Platforms.ActiveCfg = Release|Any CPU
		{7D3B830C-38AA-4856-A921-4A2FA778986A}.AppStore|Mixed Platforms.Build.0 = Release|Any CPU
		{7D3B830C-38AA-4856-A921-4A2FA778986A}.AppStore|x64.ActiveCfg = Release|Any CPU
		{7D3B830C-38AA-4856-A921-4A2FA778986A}.AppStore|x64.Build.0 = Release|Any CPU
		{7D3B830C-38AA-4856-A921-4A2FA778986A}.AppStore|x86.ActiveCfg = Release|Any CPU
		{7D3B830C-38AA-4856-A921-4A2FA778986A}.AppStore|x86.Build.0 = Release|Any CPU
		{7D3B830C-38AA-4856-A921-4A2FA778986A}.Debug .NET Native|Any CPU.ActiveCfg = Debug|Any CPU
		{7D3B830C-38AA-4856-A921-4A2FA778986A}.Debug .NET Native|Any CPU.Build.0 = Debug|Any CPU
		{7D3B830C-38AA-4856-A921-4A2FA778986A}.Debug .NET Native|ARM.ActiveCfg = Debug|Any CPU
		{7D3B830C-38AA-4856-A921-4A2FA778986A}.Debug .NET Native|ARM.Build.0 = Debug|Any CPU
		{7D3B830C-38AA-4856-A921-4A2FA778986A}.Debug .NET Native|iPhone.ActiveCfg = Debug|Any CPU
		{7D3B830C-38AA-4856-A921-4A2FA778986A}.Debug .NET Native|iPhone.Build.0 = Debug|Any CPU
		{7D3B830C-38AA-4856-A921-4A2FA778986A}.Debug .NET Native|iPhoneSimulator.ActiveCfg = Debug|Any CPU
		{7D3B830C-38AA-4856-A921-4A2FA778986A}.Debug .NET Native|iPhoneSimulator.Build.0 = Debug|Any CPU
		{7D3B830C-38AA-4856-A921-4A2FA778986A}.Debug .NET Native|Mixed Platforms.ActiveCfg = Debug|Any CPU
		{7D3B830C-38AA-4856-A921-4A2FA778986A}.Debug .NET Native|Mixed Platforms.Build.0 = Debug|Any CPU
		{7D3B830C-38AA-4856-A921-4A2FA778986A}.Debug .NET Native|x64.ActiveCfg = Debug|Any CPU
		{7D3B830C-38AA-4856-A921-4A2FA778986A}.Debug .NET Native|x64.Build.0 = Debug|Any CPU
		{7D3B830C-38AA-4856-A921-4A2FA778986A}.Debug .NET Native|x86.ActiveCfg = Debug|Any CPU
		{7D3B830C-38AA-4856-A921-4A2FA778986A}.Debug .NET Native|x86.Build.0 = Debug|Any CPU
		{7D3B830C-38AA-4856-A921-4A2FA778986A}.Debug|Any CPU.ActiveCfg = Debug|Any CPU
		{7D3B830C-38AA-4856-A921-4A2FA778986A}.Debug|Any CPU.Build.0 = Debug|Any CPU
		{7D3B830C-38AA-4856-A921-4A2FA778986A}.Debug|ARM.ActiveCfg = Debug|Any CPU
		{7D3B830C-38AA-4856-A921-4A2FA778986A}.Debug|ARM.Build.0 = Debug|Any CPU
		{7D3B830C-38AA-4856-A921-4A2FA778986A}.Debug|iPhone.ActiveCfg = Debug|Any CPU
		{7D3B830C-38AA-4856-A921-4A2FA778986A}.Debug|iPhone.Build.0 = Debug|Any CPU
		{7D3B830C-38AA-4856-A921-4A2FA778986A}.Debug|iPhoneSimulator.ActiveCfg = Debug|Any CPU
		{7D3B830C-38AA-4856-A921-4A2FA778986A}.Debug|iPhoneSimulator.Build.0 = Debug|Any CPU
		{7D3B830C-38AA-4856-A921-4A2FA778986A}.Debug|Mixed Platforms.ActiveCfg = Debug|Any CPU
		{7D3B830C-38AA-4856-A921-4A2FA778986A}.Debug|Mixed Platforms.Build.0 = Debug|Any CPU
		{7D3B830C-38AA-4856-A921-4A2FA778986A}.Debug|x64.ActiveCfg = Debug|Any CPU
		{7D3B830C-38AA-4856-A921-4A2FA778986A}.Debug|x64.Build.0 = Debug|Any CPU
		{7D3B830C-38AA-4856-A921-4A2FA778986A}.Debug|x86.ActiveCfg = Debug|Any CPU
		{7D3B830C-38AA-4856-A921-4A2FA778986A}.Debug|x86.Build.0 = Debug|Any CPU
		{7D3B830C-38AA-4856-A921-4A2FA778986A}.Release|Any CPU.ActiveCfg = Release|Any CPU
		{7D3B830C-38AA-4856-A921-4A2FA778986A}.Release|Any CPU.Build.0 = Release|Any CPU
		{7D3B830C-38AA-4856-A921-4A2FA778986A}.Release|ARM.ActiveCfg = Release|Any CPU
		{7D3B830C-38AA-4856-A921-4A2FA778986A}.Release|ARM.Build.0 = Release|Any CPU
		{7D3B830C-38AA-4856-A921-4A2FA778986A}.Release|iPhone.ActiveCfg = Release|Any CPU
		{7D3B830C-38AA-4856-A921-4A2FA778986A}.Release|iPhone.Build.0 = Release|Any CPU
		{7D3B830C-38AA-4856-A921-4A2FA778986A}.Release|iPhoneSimulator.ActiveCfg = Release|Any CPU
		{7D3B830C-38AA-4856-A921-4A2FA778986A}.Release|iPhoneSimulator.Build.0 = Release|Any CPU
		{7D3B830C-38AA-4856-A921-4A2FA778986A}.Release|Mixed Platforms.ActiveCfg = Release|Any CPU
		{7D3B830C-38AA-4856-A921-4A2FA778986A}.Release|Mixed Platforms.Build.0 = Release|Any CPU
		{7D3B830C-38AA-4856-A921-4A2FA778986A}.Release|x64.ActiveCfg = Release|Any CPU
		{7D3B830C-38AA-4856-A921-4A2FA778986A}.Release|x64.Build.0 = Release|Any CPU
		{7D3B830C-38AA-4856-A921-4A2FA778986A}.Release|x86.ActiveCfg = Release|Any CPU
		{7D3B830C-38AA-4856-A921-4A2FA778986A}.Release|x86.Build.0 = Release|Any CPU
		{4DF31B35-D5AB-4993-88E3-59606C5FCE01}.AppStore|Any CPU.ActiveCfg = AppStore|Any CPU
		{4DF31B35-D5AB-4993-88E3-59606C5FCE01}.AppStore|Any CPU.Build.0 = AppStore|Any CPU
		{4DF31B35-D5AB-4993-88E3-59606C5FCE01}.AppStore|ARM.ActiveCfg = AppStore|Any CPU
		{4DF31B35-D5AB-4993-88E3-59606C5FCE01}.AppStore|ARM.Build.0 = AppStore|Any CPU
		{4DF31B35-D5AB-4993-88E3-59606C5FCE01}.AppStore|iPhone.ActiveCfg = AppStore|Any CPU
		{4DF31B35-D5AB-4993-88E3-59606C5FCE01}.AppStore|iPhone.Build.0 = AppStore|Any CPU
		{4DF31B35-D5AB-4993-88E3-59606C5FCE01}.AppStore|iPhoneSimulator.ActiveCfg = AppStore|Any CPU
		{4DF31B35-D5AB-4993-88E3-59606C5FCE01}.AppStore|iPhoneSimulator.Build.0 = AppStore|Any CPU
		{4DF31B35-D5AB-4993-88E3-59606C5FCE01}.AppStore|Mixed Platforms.ActiveCfg = AppStore|Any CPU
		{4DF31B35-D5AB-4993-88E3-59606C5FCE01}.AppStore|Mixed Platforms.Build.0 = AppStore|Any CPU
		{4DF31B35-D5AB-4993-88E3-59606C5FCE01}.AppStore|x64.ActiveCfg = AppStore|Any CPU
		{4DF31B35-D5AB-4993-88E3-59606C5FCE01}.AppStore|x64.Build.0 = AppStore|Any CPU
		{4DF31B35-D5AB-4993-88E3-59606C5FCE01}.AppStore|x86.ActiveCfg = AppStore|Any CPU
		{4DF31B35-D5AB-4993-88E3-59606C5FCE01}.AppStore|x86.Build.0 = AppStore|Any CPU
		{4DF31B35-D5AB-4993-88E3-59606C5FCE01}.Debug .NET Native|Any CPU.ActiveCfg = Debug|Any CPU
		{4DF31B35-D5AB-4993-88E3-59606C5FCE01}.Debug .NET Native|Any CPU.Build.0 = Debug|Any CPU
		{4DF31B35-D5AB-4993-88E3-59606C5FCE01}.Debug .NET Native|ARM.ActiveCfg = Debug|Any CPU
		{4DF31B35-D5AB-4993-88E3-59606C5FCE01}.Debug .NET Native|ARM.Build.0 = Debug|Any CPU
		{4DF31B35-D5AB-4993-88E3-59606C5FCE01}.Debug .NET Native|iPhone.ActiveCfg = Debug|Any CPU
		{4DF31B35-D5AB-4993-88E3-59606C5FCE01}.Debug .NET Native|iPhone.Build.0 = Debug|Any CPU
		{4DF31B35-D5AB-4993-88E3-59606C5FCE01}.Debug .NET Native|iPhoneSimulator.ActiveCfg = Debug|Any CPU
		{4DF31B35-D5AB-4993-88E3-59606C5FCE01}.Debug .NET Native|iPhoneSimulator.Build.0 = Debug|Any CPU
		{4DF31B35-D5AB-4993-88E3-59606C5FCE01}.Debug .NET Native|Mixed Platforms.ActiveCfg = Debug|Any CPU
		{4DF31B35-D5AB-4993-88E3-59606C5FCE01}.Debug .NET Native|Mixed Platforms.Build.0 = Debug|Any CPU
		{4DF31B35-D5AB-4993-88E3-59606C5FCE01}.Debug .NET Native|x64.ActiveCfg = Debug|Any CPU
		{4DF31B35-D5AB-4993-88E3-59606C5FCE01}.Debug .NET Native|x64.Build.0 = Debug|Any CPU
		{4DF31B35-D5AB-4993-88E3-59606C5FCE01}.Debug .NET Native|x86.ActiveCfg = Debug|Any CPU
		{4DF31B35-D5AB-4993-88E3-59606C5FCE01}.Debug .NET Native|x86.Build.0 = Debug|Any CPU
		{4DF31B35-D5AB-4993-88E3-59606C5FCE01}.Debug|Any CPU.ActiveCfg = Debug|Any CPU
		{4DF31B35-D5AB-4993-88E3-59606C5FCE01}.Debug|Any CPU.Build.0 = Debug|Any CPU
		{4DF31B35-D5AB-4993-88E3-59606C5FCE01}.Debug|ARM.ActiveCfg = Debug|Any CPU
		{4DF31B35-D5AB-4993-88E3-59606C5FCE01}.Debug|ARM.Build.0 = Debug|Any CPU
		{4DF31B35-D5AB-4993-88E3-59606C5FCE01}.Debug|iPhone.ActiveCfg = Debug|Any CPU
		{4DF31B35-D5AB-4993-88E3-59606C5FCE01}.Debug|iPhone.Build.0 = Debug|Any CPU
		{4DF31B35-D5AB-4993-88E3-59606C5FCE01}.Debug|iPhoneSimulator.ActiveCfg = Debug|Any CPU
		{4DF31B35-D5AB-4993-88E3-59606C5FCE01}.Debug|iPhoneSimulator.Build.0 = Debug|Any CPU
		{4DF31B35-D5AB-4993-88E3-59606C5FCE01}.Debug|Mixed Platforms.ActiveCfg = Debug|Any CPU
		{4DF31B35-D5AB-4993-88E3-59606C5FCE01}.Debug|Mixed Platforms.Build.0 = Debug|Any CPU
		{4DF31B35-D5AB-4993-88E3-59606C5FCE01}.Debug|x64.ActiveCfg = Debug|Any CPU
		{4DF31B35-D5AB-4993-88E3-59606C5FCE01}.Debug|x64.Build.0 = Debug|Any CPU
		{4DF31B35-D5AB-4993-88E3-59606C5FCE01}.Debug|x86.ActiveCfg = Debug|Any CPU
		{4DF31B35-D5AB-4993-88E3-59606C5FCE01}.Debug|x86.Build.0 = Debug|Any CPU
		{4DF31B35-D5AB-4993-88E3-59606C5FCE01}.Release|Any CPU.ActiveCfg = Release|Any CPU
		{4DF31B35-D5AB-4993-88E3-59606C5FCE01}.Release|Any CPU.Build.0 = Release|Any CPU
		{4DF31B35-D5AB-4993-88E3-59606C5FCE01}.Release|ARM.ActiveCfg = Release|Any CPU
		{4DF31B35-D5AB-4993-88E3-59606C5FCE01}.Release|ARM.Build.0 = Release|Any CPU
		{4DF31B35-D5AB-4993-88E3-59606C5FCE01}.Release|iPhone.ActiveCfg = Release|Any CPU
		{4DF31B35-D5AB-4993-88E3-59606C5FCE01}.Release|iPhone.Build.0 = Release|Any CPU
		{4DF31B35-D5AB-4993-88E3-59606C5FCE01}.Release|iPhoneSimulator.ActiveCfg = Release|Any CPU
		{4DF31B35-D5AB-4993-88E3-59606C5FCE01}.Release|iPhoneSimulator.Build.0 = Release|Any CPU
		{4DF31B35-D5AB-4993-88E3-59606C5FCE01}.Release|Mixed Platforms.ActiveCfg = Release|Any CPU
		{4DF31B35-D5AB-4993-88E3-59606C5FCE01}.Release|Mixed Platforms.Build.0 = Release|Any CPU
		{4DF31B35-D5AB-4993-88E3-59606C5FCE01}.Release|x64.ActiveCfg = Release|Any CPU
		{4DF31B35-D5AB-4993-88E3-59606C5FCE01}.Release|x64.Build.0 = Release|Any CPU
		{4DF31B35-D5AB-4993-88E3-59606C5FCE01}.Release|x86.ActiveCfg = Release|Any CPU
		{4DF31B35-D5AB-4993-88E3-59606C5FCE01}.Release|x86.Build.0 = Release|Any CPU
		{A5126F5F-791F-4B25-8FC6-F4A426D217D9}.AppStore|Any CPU.ActiveCfg = Release|Any CPU
		{A5126F5F-791F-4B25-8FC6-F4A426D217D9}.AppStore|Any CPU.Build.0 = Release|Any CPU
		{A5126F5F-791F-4B25-8FC6-F4A426D217D9}.AppStore|ARM.ActiveCfg = Release|ARM
		{A5126F5F-791F-4B25-8FC6-F4A426D217D9}.AppStore|ARM.Build.0 = Release|ARM
		{A5126F5F-791F-4B25-8FC6-F4A426D217D9}.AppStore|iPhone.ActiveCfg = Release|Any CPU
		{A5126F5F-791F-4B25-8FC6-F4A426D217D9}.AppStore|iPhone.Build.0 = Release|Any CPU
		{A5126F5F-791F-4B25-8FC6-F4A426D217D9}.AppStore|iPhoneSimulator.ActiveCfg = Release|Any CPU
		{A5126F5F-791F-4B25-8FC6-F4A426D217D9}.AppStore|iPhoneSimulator.Build.0 = Release|Any CPU
		{A5126F5F-791F-4B25-8FC6-F4A426D217D9}.AppStore|Mixed Platforms.ActiveCfg = Release|x86
		{A5126F5F-791F-4B25-8FC6-F4A426D217D9}.AppStore|Mixed Platforms.Build.0 = Release|x86
		{A5126F5F-791F-4B25-8FC6-F4A426D217D9}.AppStore|x64.ActiveCfg = Release|Any CPU
		{A5126F5F-791F-4B25-8FC6-F4A426D217D9}.AppStore|x64.Build.0 = Release|Any CPU
		{A5126F5F-791F-4B25-8FC6-F4A426D217D9}.AppStore|x86.ActiveCfg = Release|x86
		{A5126F5F-791F-4B25-8FC6-F4A426D217D9}.AppStore|x86.Build.0 = Release|x86
		{A5126F5F-791F-4B25-8FC6-F4A426D217D9}.Debug .NET Native|Any CPU.ActiveCfg = Debug|Any CPU
		{A5126F5F-791F-4B25-8FC6-F4A426D217D9}.Debug .NET Native|Any CPU.Build.0 = Debug|Any CPU
		{A5126F5F-791F-4B25-8FC6-F4A426D217D9}.Debug .NET Native|ARM.ActiveCfg = Debug|ARM
		{A5126F5F-791F-4B25-8FC6-F4A426D217D9}.Debug .NET Native|ARM.Build.0 = Debug|ARM
		{A5126F5F-791F-4B25-8FC6-F4A426D217D9}.Debug .NET Native|iPhone.ActiveCfg = Debug|Any CPU
		{A5126F5F-791F-4B25-8FC6-F4A426D217D9}.Debug .NET Native|iPhone.Build.0 = Debug|Any CPU
		{A5126F5F-791F-4B25-8FC6-F4A426D217D9}.Debug .NET Native|iPhoneSimulator.ActiveCfg = Debug|Any CPU
		{A5126F5F-791F-4B25-8FC6-F4A426D217D9}.Debug .NET Native|iPhoneSimulator.Build.0 = Debug|Any CPU
		{A5126F5F-791F-4B25-8FC6-F4A426D217D9}.Debug .NET Native|Mixed Platforms.ActiveCfg = Debug|x86
		{A5126F5F-791F-4B25-8FC6-F4A426D217D9}.Debug .NET Native|Mixed Platforms.Build.0 = Debug|x86
		{A5126F5F-791F-4B25-8FC6-F4A426D217D9}.Debug .NET Native|x64.ActiveCfg = Debug|Any CPU
		{A5126F5F-791F-4B25-8FC6-F4A426D217D9}.Debug .NET Native|x64.Build.0 = Debug|Any CPU
		{A5126F5F-791F-4B25-8FC6-F4A426D217D9}.Debug .NET Native|x86.ActiveCfg = Debug|x86
		{A5126F5F-791F-4B25-8FC6-F4A426D217D9}.Debug .NET Native|x86.Build.0 = Debug|x86
		{A5126F5F-791F-4B25-8FC6-F4A426D217D9}.Debug|Any CPU.ActiveCfg = Debug|Any CPU
		{A5126F5F-791F-4B25-8FC6-F4A426D217D9}.Debug|Any CPU.Build.0 = Debug|Any CPU
		{A5126F5F-791F-4B25-8FC6-F4A426D217D9}.Debug|ARM.ActiveCfg = Debug|ARM
		{A5126F5F-791F-4B25-8FC6-F4A426D217D9}.Debug|ARM.Build.0 = Debug|ARM
		{A5126F5F-791F-4B25-8FC6-F4A426D217D9}.Debug|iPhone.ActiveCfg = Debug|Any CPU
		{A5126F5F-791F-4B25-8FC6-F4A426D217D9}.Debug|iPhone.Build.0 = Debug|Any CPU
		{A5126F5F-791F-4B25-8FC6-F4A426D217D9}.Debug|iPhoneSimulator.ActiveCfg = Debug|Any CPU
		{A5126F5F-791F-4B25-8FC6-F4A426D217D9}.Debug|iPhoneSimulator.Build.0 = Debug|Any CPU
		{A5126F5F-791F-4B25-8FC6-F4A426D217D9}.Debug|Mixed Platforms.ActiveCfg = Debug|x86
		{A5126F5F-791F-4B25-8FC6-F4A426D217D9}.Debug|Mixed Platforms.Build.0 = Debug|x86
		{A5126F5F-791F-4B25-8FC6-F4A426D217D9}.Debug|x64.ActiveCfg = Debug|Any CPU
		{A5126F5F-791F-4B25-8FC6-F4A426D217D9}.Debug|x64.Build.0 = Debug|Any CPU
		{A5126F5F-791F-4B25-8FC6-F4A426D217D9}.Debug|x86.ActiveCfg = Debug|x86
		{A5126F5F-791F-4B25-8FC6-F4A426D217D9}.Debug|x86.Build.0 = Debug|x86
		{A5126F5F-791F-4B25-8FC6-F4A426D217D9}.Release|Any CPU.ActiveCfg = Release|Any CPU
		{A5126F5F-791F-4B25-8FC6-F4A426D217D9}.Release|Any CPU.Build.0 = Release|Any CPU
		{A5126F5F-791F-4B25-8FC6-F4A426D217D9}.Release|ARM.ActiveCfg = Release|ARM
		{A5126F5F-791F-4B25-8FC6-F4A426D217D9}.Release|ARM.Build.0 = Release|ARM
		{A5126F5F-791F-4B25-8FC6-F4A426D217D9}.Release|iPhone.ActiveCfg = Release|Any CPU
		{A5126F5F-791F-4B25-8FC6-F4A426D217D9}.Release|iPhone.Build.0 = Release|Any CPU
		{A5126F5F-791F-4B25-8FC6-F4A426D217D9}.Release|iPhoneSimulator.ActiveCfg = Release|Any CPU
		{A5126F5F-791F-4B25-8FC6-F4A426D217D9}.Release|iPhoneSimulator.Build.0 = Release|Any CPU
		{A5126F5F-791F-4B25-8FC6-F4A426D217D9}.Release|Mixed Platforms.ActiveCfg = Release|x86
		{A5126F5F-791F-4B25-8FC6-F4A426D217D9}.Release|Mixed Platforms.Build.0 = Release|x86
		{A5126F5F-791F-4B25-8FC6-F4A426D217D9}.Release|x64.ActiveCfg = Release|Any CPU
		{A5126F5F-791F-4B25-8FC6-F4A426D217D9}.Release|x64.Build.0 = Release|Any CPU
		{A5126F5F-791F-4B25-8FC6-F4A426D217D9}.Release|x86.ActiveCfg = Release|x86
		{A5126F5F-791F-4B25-8FC6-F4A426D217D9}.Release|x86.Build.0 = Release|x86
		{E4651F2A-74F4-4A29-9A55-DB8840972A4D}.AppStore|Any CPU.ActiveCfg = Release|Any CPU
		{E4651F2A-74F4-4A29-9A55-DB8840972A4D}.AppStore|Any CPU.Build.0 = Release|Any CPU
		{E4651F2A-74F4-4A29-9A55-DB8840972A4D}.AppStore|ARM.ActiveCfg = Release|Any CPU
		{E4651F2A-74F4-4A29-9A55-DB8840972A4D}.AppStore|ARM.Build.0 = Release|Any CPU
		{E4651F2A-74F4-4A29-9A55-DB8840972A4D}.AppStore|iPhone.ActiveCfg = Release|Any CPU
		{E4651F2A-74F4-4A29-9A55-DB8840972A4D}.AppStore|iPhone.Build.0 = Release|Any CPU
		{E4651F2A-74F4-4A29-9A55-DB8840972A4D}.AppStore|iPhoneSimulator.ActiveCfg = Release|Any CPU
		{E4651F2A-74F4-4A29-9A55-DB8840972A4D}.AppStore|iPhoneSimulator.Build.0 = Release|Any CPU
		{E4651F2A-74F4-4A29-9A55-DB8840972A4D}.AppStore|Mixed Platforms.ActiveCfg = Release|Any CPU
		{E4651F2A-74F4-4A29-9A55-DB8840972A4D}.AppStore|Mixed Platforms.Build.0 = Release|Any CPU
		{E4651F2A-74F4-4A29-9A55-DB8840972A4D}.AppStore|x64.ActiveCfg = Release|Any CPU
		{E4651F2A-74F4-4A29-9A55-DB8840972A4D}.AppStore|x64.Build.0 = Release|Any CPU
		{E4651F2A-74F4-4A29-9A55-DB8840972A4D}.AppStore|x86.ActiveCfg = Release|Any CPU
		{E4651F2A-74F4-4A29-9A55-DB8840972A4D}.AppStore|x86.Build.0 = Release|Any CPU
		{E4651F2A-74F4-4A29-9A55-DB8840972A4D}.Debug .NET Native|Any CPU.ActiveCfg = Debug|Any CPU
		{E4651F2A-74F4-4A29-9A55-DB8840972A4D}.Debug .NET Native|Any CPU.Build.0 = Debug|Any CPU
		{E4651F2A-74F4-4A29-9A55-DB8840972A4D}.Debug .NET Native|ARM.ActiveCfg = Debug|Any CPU
		{E4651F2A-74F4-4A29-9A55-DB8840972A4D}.Debug .NET Native|ARM.Build.0 = Debug|Any CPU
		{E4651F2A-74F4-4A29-9A55-DB8840972A4D}.Debug .NET Native|iPhone.ActiveCfg = Debug|Any CPU
		{E4651F2A-74F4-4A29-9A55-DB8840972A4D}.Debug .NET Native|iPhone.Build.0 = Debug|Any CPU
		{E4651F2A-74F4-4A29-9A55-DB8840972A4D}.Debug .NET Native|iPhoneSimulator.ActiveCfg = Debug|Any CPU
		{E4651F2A-74F4-4A29-9A55-DB8840972A4D}.Debug .NET Native|iPhoneSimulator.Build.0 = Debug|Any CPU
		{E4651F2A-74F4-4A29-9A55-DB8840972A4D}.Debug .NET Native|Mixed Platforms.ActiveCfg = Debug|Any CPU
		{E4651F2A-74F4-4A29-9A55-DB8840972A4D}.Debug .NET Native|Mixed Platforms.Build.0 = Debug|Any CPU
		{E4651F2A-74F4-4A29-9A55-DB8840972A4D}.Debug .NET Native|x64.ActiveCfg = Debug|Any CPU
		{E4651F2A-74F4-4A29-9A55-DB8840972A4D}.Debug .NET Native|x64.Build.0 = Debug|Any CPU
		{E4651F2A-74F4-4A29-9A55-DB8840972A4D}.Debug .NET Native|x86.ActiveCfg = Debug|Any CPU
		{E4651F2A-74F4-4A29-9A55-DB8840972A4D}.Debug .NET Native|x86.Build.0 = Debug|Any CPU
		{E4651F2A-74F4-4A29-9A55-DB8840972A4D}.Debug|Any CPU.ActiveCfg = Debug|Any CPU
		{E4651F2A-74F4-4A29-9A55-DB8840972A4D}.Debug|Any CPU.Build.0 = Debug|Any CPU
		{E4651F2A-74F4-4A29-9A55-DB8840972A4D}.Debug|ARM.ActiveCfg = Debug|Any CPU
		{E4651F2A-74F4-4A29-9A55-DB8840972A4D}.Debug|ARM.Build.0 = Debug|Any CPU
		{E4651F2A-74F4-4A29-9A55-DB8840972A4D}.Debug|iPhone.ActiveCfg = Debug|Any CPU
		{E4651F2A-74F4-4A29-9A55-DB8840972A4D}.Debug|iPhone.Build.0 = Debug|Any CPU
		{E4651F2A-74F4-4A29-9A55-DB8840972A4D}.Debug|iPhoneSimulator.ActiveCfg = Debug|Any CPU
		{E4651F2A-74F4-4A29-9A55-DB8840972A4D}.Debug|iPhoneSimulator.Build.0 = Debug|Any CPU
		{E4651F2A-74F4-4A29-9A55-DB8840972A4D}.Debug|Mixed Platforms.ActiveCfg = Debug|Any CPU
		{E4651F2A-74F4-4A29-9A55-DB8840972A4D}.Debug|Mixed Platforms.Build.0 = Debug|Any CPU
		{E4651F2A-74F4-4A29-9A55-DB8840972A4D}.Debug|x64.ActiveCfg = Debug|Any CPU
		{E4651F2A-74F4-4A29-9A55-DB8840972A4D}.Debug|x64.Build.0 = Debug|Any CPU
		{E4651F2A-74F4-4A29-9A55-DB8840972A4D}.Debug|x86.ActiveCfg = Debug|Any CPU
		{E4651F2A-74F4-4A29-9A55-DB8840972A4D}.Debug|x86.Build.0 = Debug|Any CPU
		{E4651F2A-74F4-4A29-9A55-DB8840972A4D}.Release|Any CPU.ActiveCfg = Release|Any CPU
		{E4651F2A-74F4-4A29-9A55-DB8840972A4D}.Release|Any CPU.Build.0 = Release|Any CPU
		{E4651F2A-74F4-4A29-9A55-DB8840972A4D}.Release|ARM.ActiveCfg = Release|Any CPU
		{E4651F2A-74F4-4A29-9A55-DB8840972A4D}.Release|ARM.Build.0 = Release|Any CPU
		{E4651F2A-74F4-4A29-9A55-DB8840972A4D}.Release|iPhone.ActiveCfg = Release|Any CPU
		{E4651F2A-74F4-4A29-9A55-DB8840972A4D}.Release|iPhone.Build.0 = Release|Any CPU
		{E4651F2A-74F4-4A29-9A55-DB8840972A4D}.Release|iPhoneSimulator.ActiveCfg = Release|Any CPU
		{E4651F2A-74F4-4A29-9A55-DB8840972A4D}.Release|iPhoneSimulator.Build.0 = Release|Any CPU
		{E4651F2A-74F4-4A29-9A55-DB8840972A4D}.Release|Mixed Platforms.ActiveCfg = Release|Any CPU
		{E4651F2A-74F4-4A29-9A55-DB8840972A4D}.Release|Mixed Platforms.Build.0 = Release|Any CPU
		{E4651F2A-74F4-4A29-9A55-DB8840972A4D}.Release|x64.ActiveCfg = Release|Any CPU
		{E4651F2A-74F4-4A29-9A55-DB8840972A4D}.Release|x64.Build.0 = Release|Any CPU
		{E4651F2A-74F4-4A29-9A55-DB8840972A4D}.Release|x86.ActiveCfg = Release|Any CPU
		{E4651F2A-74F4-4A29-9A55-DB8840972A4D}.Release|x86.Build.0 = Release|Any CPU
	EndGlobalSection
	GlobalSection(SolutionProperties) = preSolution
		HideSolutionNode = FALSE
	EndGlobalSection
	GlobalSection(NestedProjects) = preSolution
		{98950ECA-3A16-4A7C-9E82-03EEB81EBDB3} = {E3B9769B-D056-49F0-A6A5-03EC36DE48F8}
		{3A17F1E8-2DF8-4C6D-BF9C-C9DFA2B149A0} = {6B0F38C9-7CEE-4181-A47A-D9F4C626E618}
		{8D14B08F-B43B-49C7-87C0-2E0B37CC456A} = {6B0F38C9-7CEE-4181-A47A-D9F4C626E618}
		{9BB35FDE-DF6C-4E6A-AD45-3FA1F3553CEB} = {88D90D4D-7706-4419-8177-C21123947D78}
		{CCA2772D-2E6D-49FF-90E8-E055EEC623B5} = {88D90D4D-7706-4419-8177-C21123947D78}
		{7D3B830C-38AA-4856-A921-4A2FA778986A} = {6B0F38C9-7CEE-4181-A47A-D9F4C626E618}
		{4DF31B35-D5AB-4993-88E3-59606C5FCE01} = {6B0F38C9-7CEE-4181-A47A-D9F4C626E618}
		{A5126F5F-791F-4B25-8FC6-F4A426D217D9} = {6B0F38C9-7CEE-4181-A47A-D9F4C626E618}
		{E4651F2A-74F4-4A29-9A55-DB8840972A4D} = {6B0F38C9-7CEE-4181-A47A-D9F4C626E618}
	EndGlobalSection
EndGlobal
